
Microsoft Visual Studio Solution File, Format Version 11.00
# Visual Studio 2010
Project("{FAE04EC0-301F-11D3-BF4B-00C04F79EFBC}") = "Apworks", "src\Apworks\Apworks.csproj", "{AABEA3F6-07BC-4EB8-9CBF-68BAAF381BAE}"
EndProject
Project("{FAE04EC0-301F-11D3-BF4B-00C04F79EFBC}") = "Apworks.Bus.DirectBus", "src\Apworks.Bus.DirectBus\Apworks.Bus.DirectBus.csproj", "{B9D8E0AC-7CC8-4823-9BE5-9389831D093D}"
EndProject
Project("{FAE04EC0-301F-11D3-BF4B-00C04F79EFBC}") = "Apworks.Events.Storage.General", "src\Apworks.Events.Storage.General\Apworks.Events.Storage.General.csproj", "{562AE750-3EB7-42A6-9297-C7C941723670}"
EndProject
Project("{FAE04EC0-301F-11D3-BF4B-00C04F79EFBC}") = "Apworks.Events.Storage.MySql", "src\Apworks.Events.Storage.MySql\Apworks.Events.Storage.MySql.csproj", "{73D272F6-29EB-4498-A364-88CF702AEAE7}"
EndProject
Project("{FAE04EC0-301F-11D3-BF4B-00C04F79EFBC}") = "Apworks.ObjectContainers.Unity", "src\Apworks.ObjectContainers.Unity\Apworks.ObjectContainers.Unity.csproj", "{C65C063A-9B9D-47DB-8011-DF4BD75CDE8B}"
EndProject
Project("{FAE04EC0-301F-11D3-BF4B-00C04F79EFBC}") = "Apworks.Storage.General", "src\Apworks.Storage.General\Apworks.Storage.General.csproj", "{B206AA16-E0C6-4537-8D03-49EDF10810DD}"
EndProject
Project("{FAE04EC0-301F-11D3-BF4B-00C04F79EFBC}") = "Apworks.Storage.MySql", "src\Apworks.Storage.MySql\Apworks.Storage.MySql.csproj", "{1818637E-3487-4C26-886C-2A35D953CBB8}"
EndProject
Project("{FAE04EC0-301F-11D3-BF4B-00C04F79EFBC}") = "Apworks.Repositories.EntityFramework", "src\Apworks.Repositories.EntityFramework\Apworks.Repositories.EntityFramework.csproj", "{878621F3-C8F3-4374-AE6E-03831FBB9071}"
EndProject
Project("{FAE04EC0-301F-11D3-BF4B-00C04F79EFBC}") = "Apworks.Repositories.MongoDB", "src\Apworks.Repositories.MongoDB\Apworks.Repositories.MongoDB.csproj", "{44857580-036E-4D64-BA85-FA4092528771}"
EndProject
Project("{FAE04EC0-301F-11D3-BF4B-00C04F79EFBC}") = "Apworks.Repositories.NHibernate", "src\Apworks.Repositories.NHibernate\Apworks.Repositories.NHibernate.csproj", "{38CC8B20-5EB7-478A-8C7E-972BF3069319}"
EndProject
Global
	GlobalSection(SolutionConfigurationPlatforms) = preSolution
		Debug|Any CPU = Debug|Any CPU
		Release|Any CPU = Release|Any CPU
		CoreDebugDeployment|Any CPU = CoreDebugDeployment|Any CPU
		CoreReleaseDeployment|Any CPU = CoreReleaseDeployment|Any CPU
		Debug|x86 = Debug|x86
		Release|x86 = Release|x86
		CoreDebugDeployment|x86 = CoreDebugDeployment|x86
		CoreReleaseDeployment|x86 = CoreReleaseDeployment|x86
	EndGlobalSection
	GlobalSection(ProjectConfigurationPlatforms) = postSolution
		{1818637E-3487-4C26-886C-2A35D953CBB8}.CoreDebugDeployment|Any CPU.ActiveCfg = CoreDebugDeployment|Any CPU
		{1818637E-3487-4C26-886C-2A35D953CBB8}.CoreDebugDeployment|Any CPU.Build.0 = CoreDebugDeployment|Any CPU
		{1818637E-3487-4C26-886C-2A35D953CBB8}.CoreDebugDeployment|x86.ActiveCfg = CoreDebugDeployment|Any CPU
		{1818637E-3487-4C26-886C-2A35D953CBB8}.CoreDebugDeployment|x86.Build.0 = CoreDebugDeployment|Any CPU
		{1818637E-3487-4C26-886C-2A35D953CBB8}.CoreReleaseDeployment|Any CPU.ActiveCfg = CoreReleaseDeployment|Any CPU
		{1818637E-3487-4C26-886C-2A35D953CBB8}.CoreReleaseDeployment|Any CPU.Build.0 = CoreReleaseDeployment|Any CPU
		{1818637E-3487-4C26-886C-2A35D953CBB8}.CoreReleaseDeployment|x86.ActiveCfg = CoreReleaseDeployment|Any CPU
		{1818637E-3487-4C26-886C-2A35D953CBB8}.CoreReleaseDeployment|x86.Build.0 = CoreReleaseDeployment|Any CPU
		{1818637E-3487-4C26-886C-2A35D953CBB8}.Debug|Any CPU.ActiveCfg = Debug|Any CPU
		{1818637E-3487-4C26-886C-2A35D953CBB8}.Debug|Any CPU.Build.0 = Debug|Any CPU
		{1818637E-3487-4C26-886C-2A35D953CBB8}.Debug|x86.ActiveCfg = Debug|Any CPU
		{1818637E-3487-4C26-886C-2A35D953CBB8}.Debug|x86.Build.0 = Debug|Any CPU
		{1818637E-3487-4C26-886C-2A35D953CBB8}.Release|Any CPU.ActiveCfg = Release|Any CPU
		{1818637E-3487-4C26-886C-2A35D953CBB8}.Release|Any CPU.Build.0 = Release|Any CPU
		{1818637E-3487-4C26-886C-2A35D953CBB8}.Release|x86.ActiveCfg = Release|Any CPU
		{1818637E-3487-4C26-886C-2A35D953CBB8}.Release|x86.Build.0 = Release|Any CPU
		{38CC8B20-5EB7-478A-8C7E-972BF3069319}.CoreDebugDeployment|Any CPU.ActiveCfg = CoreDebugDeployment|Any CPU
		{38CC8B20-5EB7-478A-8C7E-972BF3069319}.CoreDebugDeployment|Any CPU.Build.0 = CoreDebugDeployment|Any CPU
		{38CC8B20-5EB7-478A-8C7E-972BF3069319}.CoreDebugDeployment|x86.ActiveCfg = CoreDebugDeployment|Any CPU
		{38CC8B20-5EB7-478A-8C7E-972BF3069319}.CoreDebugDeployment|x86.Build.0 = CoreDebugDeployment|Any CPU
		{38CC8B20-5EB7-478A-8C7E-972BF3069319}.CoreReleaseDeployment|Any CPU.ActiveCfg = CoreReleaseDeployment|Any CPU
		{38CC8B20-5EB7-478A-8C7E-972BF3069319}.CoreReleaseDeployment|Any CPU.Build.0 = CoreReleaseDeployment|Any CPU
		{38CC8B20-5EB7-478A-8C7E-972BF3069319}.CoreReleaseDeployment|x86.ActiveCfg = CoreReleaseDeployment|Any CPU
		{38CC8B20-5EB7-478A-8C7E-972BF3069319}.CoreReleaseDeployment|x86.Build.0 = CoreReleaseDeployment|Any CPU
		{38CC8B20-5EB7-478A-8C7E-972BF3069319}.Debug|Any CPU.ActiveCfg = Debug|Any CPU
		{38CC8B20-5EB7-478A-8C7E-972BF3069319}.Debug|Any CPU.Build.0 = Debug|Any CPU
		{38CC8B20-5EB7-478A-8C7E-972BF3069319}.Debug|x86.ActiveCfg = Debug|Any CPU
		{38CC8B20-5EB7-478A-8C7E-972BF3069319}.Debug|x86.Build.0 = Debug|Any CPU
		{38CC8B20-5EB7-478A-8C7E-972BF3069319}.Release|Any CPU.ActiveCfg = Release|Any CPU
		{38CC8B20-5EB7-478A-8C7E-972BF3069319}.Release|Any CPU.Build.0 = Release|Any CPU
		{38CC8B20-5EB7-478A-8C7E-972BF3069319}.Release|x86.ActiveCfg = Release|Any CPU
		{38CC8B20-5EB7-478A-8C7E-972BF3069319}.Release|x86.Build.0 = Release|Any CPU
		{44857580-036E-4D64-BA85-FA4092528771}.CoreDebugDeployment|Any CPU.ActiveCfg = CoreDebugDeployment|Any CPU
		{44857580-036E-4D64-BA85-FA4092528771}.CoreDebugDeployment|Any CPU.Build.0 = CoreDebugDeployment|Any CPU
		{44857580-036E-4D64-BA85-FA4092528771}.CoreDebugDeployment|x86.ActiveCfg = CoreDebugDeployment|Any CPU
		{44857580-036E-4D64-BA85-FA4092528771}.CoreDebugDeployment|x86.Build.0 = CoreDebugDeployment|Any CPU
		{44857580-036E-4D64-BA85-FA4092528771}.CoreReleaseDeployment|Any CPU.ActiveCfg = CoreReleaseDeployment|Any CPU
		{44857580-036E-4D64-BA85-FA4092528771}.CoreReleaseDeployment|Any CPU.Build.0 = CoreReleaseDeployment|Any CPU
		{44857580-036E-4D64-BA85-FA4092528771}.CoreReleaseDeployment|x86.ActiveCfg = CoreReleaseDeployment|Any CPU
		{44857580-036E-4D64-BA85-FA4092528771}.CoreReleaseDeployment|x86.Build.0 = CoreReleaseDeployment|Any CPU
		{44857580-036E-4D64-BA85-FA4092528771}.Debug|Any CPU.ActiveCfg = Debug|Any CPU
		{44857580-036E-4D64-BA85-FA4092528771}.Debug|Any CPU.Build.0 = Debug|Any CPU
		{44857580-036E-4D64-BA85-FA4092528771}.Debug|x86.ActiveCfg = Debug|Any CPU
		{44857580-036E-4D64-BA85-FA4092528771}.Debug|x86.Build.0 = Debug|Any CPU
		{44857580-036E-4D64-BA85-FA4092528771}.Release|Any CPU.ActiveCfg = Release|Any CPU
		{44857580-036E-4D64-BA85-FA4092528771}.Release|Any CPU.Build.0 = Release|Any CPU
		{44857580-036E-4D64-BA85-FA4092528771}.Release|x86.ActiveCfg = Release|Any CPU
		{44857580-036E-4D64-BA85-FA4092528771}.Release|x86.Build.0 = Release|Any CPU
		{562AE750-3EB7-42A6-9297-C7C941723670}.CoreDebugDeployment|Any CPU.ActiveCfg = CoreDebugDeployment|Any CPU
		{562AE750-3EB7-42A6-9297-C7C941723670}.CoreDebugDeployment|Any CPU.Build.0 = CoreDebugDeployment|Any CPU
		{562AE750-3EB7-42A6-9297-C7C941723670}.CoreDebugDeployment|x86.ActiveCfg = CoreDebugDeployment|Any CPU
		{562AE750-3EB7-42A6-9297-C7C941723670}.CoreDebugDeployment|x86.Build.0 = CoreDebugDeployment|Any CPU
		{562AE750-3EB7-42A6-9297-C7C941723670}.CoreReleaseDeployment|Any CPU.ActiveCfg = CoreReleaseDeployment|Any CPU
		{562AE750-3EB7-42A6-9297-C7C941723670}.CoreReleaseDeployment|Any CPU.Build.0 = CoreReleaseDeployment|Any CPU
		{562AE750-3EB7-42A6-9297-C7C941723670}.CoreReleaseDeployment|x86.ActiveCfg = CoreReleaseDeployment|Any CPU
		{562AE750-3EB7-42A6-9297-C7C941723670}.CoreReleaseDeployment|x86.Build.0 = CoreReleaseDeployment|Any CPU
		{562AE750-3EB7-42A6-9297-C7C941723670}.Debug|Any CPU.ActiveCfg = Debug|Any CPU
		{562AE750-3EB7-42A6-9297-C7C941723670}.Debug|Any CPU.Build.0 = Debug|Any CPU
		{562AE750-3EB7-42A6-9297-C7C941723670}.Debug|x86.ActiveCfg = Debug|Any CPU
		{562AE750-3EB7-42A6-9297-C7C941723670}.Debug|x86.Build.0 = Debug|Any CPU
		{562AE750-3EB7-42A6-9297-C7C941723670}.Release|Any CPU.ActiveCfg = Release|Any CPU
		{562AE750-3EB7-42A6-9297-C7C941723670}.Release|Any CPU.Build.0 = Release|Any CPU
		{562AE750-3EB7-42A6-9297-C7C941723670}.Release|x86.ActiveCfg = Release|Any CPU
		{562AE750-3EB7-42A6-9297-C7C941723670}.Release|x86.Build.0 = Release|Any CPU
		{73D272F6-29EB-4498-A364-88CF702AEAE7}.CoreDebugDeployment|Any CPU.ActiveCfg = CoreDebugDeployment|Any CPU
		{73D272F6-29EB-4498-A364-88CF702AEAE7}.CoreDebugDeployment|Any CPU.Build.0 = CoreDebugDeployment|Any CPU
		{73D272F6-29EB-4498-A364-88CF702AEAE7}.CoreDebugDeployment|x86.ActiveCfg = CoreDebugDeployment|Any CPU
		{73D272F6-29EB-4498-A364-88CF702AEAE7}.CoreDebugDeployment|x86.Build.0 = CoreDebugDeployment|Any CPU
		{73D272F6-29EB-4498-A364-88CF702AEAE7}.CoreReleaseDeployment|Any CPU.ActiveCfg = CoreReleaseDeployment|Any CPU
		{73D272F6-29EB-4498-A364-88CF702AEAE7}.CoreReleaseDeployment|Any CPU.Build.0 = CoreReleaseDeployment|Any CPU
		{73D272F6-29EB-4498-A364-88CF702AEAE7}.CoreReleaseDeployment|x86.ActiveCfg = CoreReleaseDeployment|Any CPU
		{73D272F6-29EB-4498-A364-88CF702AEAE7}.CoreReleaseDeployment|x86.Build.0 = CoreReleaseDeployment|Any CPU
		{73D272F6-29EB-4498-A364-88CF702AEAE7}.Debug|Any CPU.ActiveCfg = Debug|Any CPU
		{73D272F6-29EB-4498-A364-88CF702AEAE7}.Debug|Any CPU.Build.0 = Debug|Any CPU
		{73D272F6-29EB-4498-A364-88CF702AEAE7}.Debug|x86.ActiveCfg = Debug|Any CPU
		{73D272F6-29EB-4498-A364-88CF702AEAE7}.Debug|x86.Build.0 = Debug|Any CPU
		{73D272F6-29EB-4498-A364-88CF702AEAE7}.Release|Any CPU.ActiveCfg = Release|Any CPU
		{73D272F6-29EB-4498-A364-88CF702AEAE7}.Release|Any CPU.Build.0 = Release|Any CPU
		{73D272F6-29EB-4498-A364-88CF702AEAE7}.Release|x86.ActiveCfg = Release|Any CPU
		{73D272F6-29EB-4498-A364-88CF702AEAE7}.Release|x86.Build.0 = Release|Any CPU
		{878621F3-C8F3-4374-AE6E-03831FBB9071}.CoreDebugDeployment|Any CPU.ActiveCfg = CoreDebugDeployment|Any CPU
		{878621F3-C8F3-4374-AE6E-03831FBB9071}.CoreDebugDeployment|Any CPU.Build.0 = CoreDebugDeployment|Any CPU
		{878621F3-C8F3-4374-AE6E-03831FBB9071}.CoreDebugDeployment|x86.ActiveCfg = CoreDebugDeployment|Any CPU
		{878621F3-C8F3-4374-AE6E-03831FBB9071}.CoreDebugDeployment|x86.Build.0 = CoreDebugDeployment|Any CPU
		{878621F3-C8F3-4374-AE6E-03831FBB9071}.CoreReleaseDeployment|Any CPU.ActiveCfg = CoreReleaseDeployment|Any CPU
		{878621F3-C8F3-4374-AE6E-03831FBB9071}.CoreReleaseDeployment|Any CPU.Build.0 = CoreReleaseDeployment|Any CPU
		{878621F3-C8F3-4374-AE6E-03831FBB9071}.CoreReleaseDeployment|x86.ActiveCfg = CoreReleaseDeployment|Any CPU
		{878621F3-C8F3-4374-AE6E-03831FBB9071}.CoreReleaseDeployment|x86.Build.0 = CoreReleaseDeployment|Any CPU
		{878621F3-C8F3-4374-AE6E-03831FBB9071}.Debug|Any CPU.ActiveCfg = Debug|Any CPU
		{878621F3-C8F3-4374-AE6E-03831FBB9071}.Debug|Any CPU.Build.0 = Debug|Any CPU
		{878621F3-C8F3-4374-AE6E-03831FBB9071}.Debug|x86.ActiveCfg = Debug|Any CPU
		{878621F3-C8F3-4374-AE6E-03831FBB9071}.Debug|x86.Build.0 = Debug|Any CPU
		{878621F3-C8F3-4374-AE6E-03831FBB9071}.Release|Any CPU.ActiveCfg = Release|Any CPU
		{878621F3-C8F3-4374-AE6E-03831FBB9071}.Release|Any CPU.Build.0 = Release|Any CPU
		{878621F3-C8F3-4374-AE6E-03831FBB9071}.Release|x86.ActiveCfg = Release|Any CPU
		{878621F3-C8F3-4374-AE6E-03831FBB9071}.Release|x86.Build.0 = Release|Any CPU
		{AABEA3F6-07BC-4EB8-9CBF-68BAAF381BAE}.CoreDebugDeployment|Any CPU.ActiveCfg = CoreDebugDeployment|Any CPU
		{AABEA3F6-07BC-4EB8-9CBF-68BAAF381BAE}.CoreDebugDeployment|Any CPU.Build.0 = CoreDebugDeployment|Any CPU
		{AABEA3F6-07BC-4EB8-9CBF-68BAAF381BAE}.CoreReleaseDeployment|Any CPU.ActiveCfg = CoreReleaseDeployment|Any CPU
		{AABEA3F6-07BC-4EB8-9CBF-68BAAF381BAE}.CoreReleaseDeployment|Any CPU.Build.0 = CoreReleaseDeployment|Any CPU
		{AABEA3F6-07BC-4EB8-9CBF-68BAAF381BAE}.Debug|Any CPU.ActiveCfg = Debug|Any CPU
		{AABEA3F6-07BC-4EB8-9CBF-68BAAF381BAE}.Debug|Any CPU.Build.0 = Debug|Any CPU
		{AABEA3F6-07BC-4EB8-9CBF-68BAAF381BAE}.Release|Any CPU.ActiveCfg = Release|Any CPU
		{AABEA3F6-07BC-4EB8-9CBF-68BAAF381BAE}.Release|Any CPU.Build.0 = Release|Any CPU
		{B206AA16-E0C6-4537-8D03-49EDF10810DD}.CoreDebugDeployment|Any CPU.ActiveCfg = CoreDebugDeployment|Any CPU
		{B206AA16-E0C6-4537-8D03-49EDF10810DD}.CoreDebugDeployment|Any CPU.Build.0 = CoreDebugDeployment|Any CPU
		{B206AA16-E0C6-4537-8D03-49EDF10810DD}.CoreDebugDeployment|x86.ActiveCfg = CoreDebugDeployment|Any CPU
		{B206AA16-E0C6-4537-8D03-49EDF10810DD}.CoreDebugDeployment|x86.Build.0 = CoreDebugDeployment|Any CPU
		{B206AA16-E0C6-4537-8D03-49EDF10810DD}.CoreReleaseDeployment|Any CPU.ActiveCfg = CoreReleaseDeployment|Any CPU
		{B206AA16-E0C6-4537-8D03-49EDF10810DD}.CoreReleaseDeployment|Any CPU.Build.0 = CoreReleaseDeployment|Any CPU
		{B206AA16-E0C6-4537-8D03-49EDF10810DD}.CoreReleaseDeployment|x86.ActiveCfg = CoreReleaseDeployment|Any CPU
		{B206AA16-E0C6-4537-8D03-49EDF10810DD}.CoreReleaseDeployment|x86.Build.0 = CoreReleaseDeployment|Any CPU
		{B206AA16-E0C6-4537-8D03-49EDF10810DD}.Debug|Any CPU.ActiveCfg = Debug|Any CPU
		{B206AA16-E0C6-4537-8D03-49EDF10810DD}.Debug|Any CPU.Build.0 = Debug|Any CPU
		{B206AA16-E0C6-4537-8D03-49EDF10810DD}.Debug|x86.ActiveCfg = Debug|Any CPU
		{B206AA16-E0C6-4537-8D03-49EDF10810DD}.Debug|x86.Build.0 = Debug|Any CPU
		{B206AA16-E0C6-4537-8D03-49EDF10810DD}.Release|Any CPU.ActiveCfg = Release|Any CPU
		{B206AA16-E0C6-4537-8D03-49EDF10810DD}.Release|Any CPU.Build.0 = Release|Any CPU
		{B206AA16-E0C6-4537-8D03-49EDF10810DD}.Release|x86.ActiveCfg = Release|Any CPU
		{B206AA16-E0C6-4537-8D03-49EDF10810DD}.Release|x86.Build.0 = Release|Any CPU
		{B9D8E0AC-7CC8-4823-9BE5-9389831D093D}.CoreDebugDeployment|Any CPU.ActiveCfg = CoreDebugDeployment|Any CPU
		{B9D8E0AC-7CC8-4823-9BE5-9389831D093D}.CoreDebugDeployment|Any CPU.Build.0 = CoreDebugDeployment|Any CPU
		{B9D8E0AC-7CC8-4823-9BE5-9389831D093D}.CoreDebugDeployment|x86.ActiveCfg = CoreDebugDeployment|x86
		{B9D8E0AC-7CC8-4823-9BE5-9389831D093D}.CoreDebugDeployment|x86.Build.0 = CoreDebugDeployment|x86
		{B9D8E0AC-7CC8-4823-9BE5-9389831D093D}.CoreReleaseDeployment|Any CPU.ActiveCfg = CoreReleaseDeployment|Any CPU
		{B9D8E0AC-7CC8-4823-9BE5-9389831D093D}.CoreReleaseDeployment|Any CPU.Build.0 = CoreReleaseDeployment|Any CPU
		{B9D8E0AC-7CC8-4823-9BE5-9389831D093D}.CoreReleaseDeployment|x86.ActiveCfg = CoreReleaseDeployment|x86
		{B9D8E0AC-7CC8-4823-9BE5-9389831D093D}.CoreReleaseDeployment|x86.Build.0 = CoreReleaseDeployment|x86
		{B9D8E0AC-7CC8-4823-9BE5-9389831D093D}.Debug|Any CPU.ActiveCfg = Debug|Any CPU
		{B9D8E0AC-7CC8-4823-9BE5-9389831D093D}.Debug|Any CPU.Build.0 = Debug|Any CPU
		{B9D8E0AC-7CC8-4823-9BE5-9389831D093D}.Debug|x86.ActiveCfg = Debug|x86
		{B9D8E0AC-7CC8-4823-9BE5-9389831D093D}.Debug|x86.Build.0 = Debug|x86
		{B9D8E0AC-7CC8-4823-9BE5-9389831D093D}.Release|Any CPU.ActiveCfg = Release|Any CPU
		{B9D8E0AC-7CC8-4823-9BE5-9389831D093D}.Release|Any CPU.Build.0 = Release|Any CPU
		{B9D8E0AC-7CC8-4823-9BE5-9389831D093D}.Release|x86.ActiveCfg = Release|x86
		{B9D8E0AC-7CC8-4823-9BE5-9389831D093D}.Release|x86.Build.0 = Release|x86
		{C65C063A-9B9D-47DB-8011-DF4BD75CDE8B}.CoreDebugDeployment|Any CPU.ActiveCfg = CoreDebugDeployment|Any CPU
		{C65C063A-9B9D-47DB-8011-DF4BD75CDE8B}.CoreDebugDeployment|Any CPU.Build.0 = CoreDebugDeployment|Any CPU
		{C65C063A-9B9D-47DB-8011-DF4BD75CDE8B}.CoreDebugDeployment|x86.ActiveCfg = CoreDebugDeployment|Any CPU
		{C65C063A-9B9D-47DB-8011-DF4BD75CDE8B}.CoreDebugDeployment|x86.Build.0 = CoreDebugDeployment|Any CPU
		{C65C063A-9B9D-47DB-8011-DF4BD75CDE8B}.CoreReleaseDeployment|Any CPU.ActiveCfg = CoreReleaseDeployment|Any CPU
		{C65C063A-9B9D-47DB-8011-DF4BD75CDE8B}.CoreReleaseDeployment|Any CPU.Build.0 = CoreReleaseDeployment|Any CPU
		{C65C063A-9B9D-47DB-8011-DF4BD75CDE8B}.CoreReleaseDeployment|x86.ActiveCfg = CoreReleaseDeployment|Any CPU
		{C65C063A-9B9D-47DB-8011-DF4BD75CDE8B}.CoreReleaseDeployment|x86.Build.0 = CoreReleaseDeployment|Any CPU
		{C65C063A-9B9D-47DB-8011-DF4BD75CDE8B}.Debug|Any CPU.ActiveCfg = Debug|Any CPU
		{C65C063A-9B9D-47DB-8011-DF4BD75CDE8B}.Debug|Any CPU.Build.0 = Debug|Any CPU
		{C65C063A-9B9D-47DB-8011-DF4BD75CDE8B}.Debug|x86.ActiveCfg = Debug|Any CPU
		{C65C063A-9B9D-47DB-8011-DF4BD75CDE8B}.Debug|x86.Build.0 = Debug|Any CPU
		{C65C063A-9B9D-47DB-8011-DF4BD75CDE8B}.Release|Any CPU.ActiveCfg = Release|Any CPU
		{C65C063A-9B9D-47DB-8011-DF4BD75CDE8B}.Release|Any CPU.Build.0 = Release|Any CPU
		{C65C063A-9B9D-47DB-8011-DF4BD75CDE8B}.Release|x86.ActiveCfg = Release|Any CPU
		{C65C063A-9B9D-47DB-8011-DF4BD75CDE8B}.Release|x86.Build.0 = Release|Any CPU
	EndGlobalSection
	GlobalSection(MonoDevelopProperties) = preSolution
		StartupItem = src\Apworks\Apworks.csproj
	EndGlobalSection
EndGlobal
