
Microsoft Visual Studio Solution File, Format Version 12.00
# Visual Studio 2012
Project("{2150E333-8FDC-42A3-9474-1A3956D46DE8}") = "Tests", "Tests", "{5C4BB49A-A2FC-4C56-8F46-B5A42EAD3A2F}"
EndProject
Project("{2150E333-8FDC-42A3-9474-1A3956D46DE8}") = ".nuget", ".nuget", "{52B6236B-AEC5-4AF1-B2E1-8B0C85075D3E}"
	ProjectSection(SolutionItems) = preProject
		.nuget\NuGet.Config = .nuget\NuGet.Config
		.nuget\NuGet.exe = .nuget\NuGet.exe
		.nuget\NuGet.targets = .nuget\NuGet.targets
	EndProjectSection
EndProject
Project("{FAE04EC0-301F-11D3-BF4B-00C04F79EFBC}") = "Apworks", "src\Apworks\Apworks.csproj", "{AABEA3F6-07BC-4EB8-9CBF-68BAAF381BAE}"
EndProject
Project("{FAE04EC0-301F-11D3-BF4B-00C04F79EFBC}") = "Apworks.Bus.DirectBus", "src\Apworks.Bus.DirectBus\Apworks.Bus.DirectBus.csproj", "{B9D8E0AC-7CC8-4823-9BE5-9389831D093D}"
EndProject
Project("{FAE04EC0-301F-11D3-BF4B-00C04F79EFBC}") = "Apworks.Bus.MSMQ", "src\Apworks.Bus.MSMQ\Apworks.Bus.MSMQ.csproj", "{504A62DA-2969-4EFE-A3C5-3AC686BC4EE7}"
EndProject
Project("{FAE04EC0-301F-11D3-BF4B-00C04F79EFBC}") = "Apworks.Events.Storage.General", "src\Apworks.Events.Storage.General\Apworks.Events.Storage.General.csproj", "{562AE750-3EB7-42A6-9297-C7C941723670}"
EndProject
Project("{FAE04EC0-301F-11D3-BF4B-00C04F79EFBC}") = "Apworks.Events.Storage.MySql", "src\Apworks.Events.Storage.MySql\Apworks.Events.Storage.MySql.csproj", "{73D272F6-29EB-4498-A364-88CF702AEAE7}"
EndProject
Project("{FAE04EC0-301F-11D3-BF4B-00C04F79EFBC}") = "Apworks.ObjectContainers.Unity", "src\Apworks.ObjectContainers.Unity\Apworks.ObjectContainers.Unity.csproj", "{C65C063A-9B9D-47DB-8011-DF4BD75CDE8B}"
EndProject
Project("{FAE04EC0-301F-11D3-BF4B-00C04F79EFBC}") = "Apworks.Repositories.EntityFramework", "src\Apworks.Repositories.EntityFramework\Apworks.Repositories.EntityFramework.csproj", "{878621F3-C8F3-4374-AE6E-03831FBB9071}"
EndProject
Project("{FAE04EC0-301F-11D3-BF4B-00C04F79EFBC}") = "Apworks.Repositories.MongoDB", "src\Apworks.Repositories.MongoDB\Apworks.Repositories.MongoDB.csproj", "{44857580-036E-4D64-BA85-FA4092528771}"
EndProject
Project("{FAE04EC0-301F-11D3-BF4B-00C04F79EFBC}") = "Apworks.Repositories.NHibernate", "src\Apworks.Repositories.NHibernate\Apworks.Repositories.NHibernate.csproj", "{38CC8B20-5EB7-478A-8C7E-972BF3069319}"
EndProject
Project("{930C7802-8A8C-48F9-8165-68863BCCD9DD}") = "Apworks.Setup", "src\Apworks.Setup\Apworks.Setup.wixproj", "{D5DBFC73-5471-4511-8283-EF450E24C3FE}"
EndProject
Project("{FAE04EC0-301F-11D3-BF4B-00C04F79EFBC}") = "Apworks.Storage.General", "src\Apworks.Storage.General\Apworks.Storage.General.csproj", "{B206AA16-E0C6-4537-8D03-49EDF10810DD}"
EndProject
Project("{FAE04EC0-301F-11D3-BF4B-00C04F79EFBC}") = "Apworks.Storage.MySql", "src\Apworks.Storage.MySql\Apworks.Storage.MySql.csproj", "{1818637E-3487-4C26-886C-2A35D953CBB8}"
EndProject
Project("{FAE04EC0-301F-11D3-BF4B-00C04F79EFBC}") = "Apworks.Tests.Buses", "tests\Apworks.Tests.Buses\Apworks.Tests.Buses.csproj", "{55498B80-C632-47D7-A7D7-0FD5A8D9CDA1}"
EndProject
Project("{FAE04EC0-301F-11D3-BF4B-00C04F79EFBC}") = "Apworks.Tests.Common", "tests\Apworks.Tests.Common\Apworks.Tests.Common.csproj", "{8F1E8058-88B3-4E43-8F50-D376377794BD}"
EndProject
Project("{FAE04EC0-301F-11D3-BF4B-00C04F79EFBC}") = "Apworks.Tests.Configuration", "tests\Apworks.Tests.Configuration\Apworks.Tests.Configuration.csproj", "{00DBA3EC-CCBF-49CA-9E9D-159B2CBE1FE8}"
EndProject
Project("{FAE04EC0-301F-11D3-BF4B-00C04F79EFBC}") = "Apworks.Tests.DomainEvents", "tests\Apworks.Tests.DomainEvents\Apworks.Tests.DomainEvents.csproj", "{51186FAA-4076-46F7-8E69-D5A34DDBFDC7}"
EndProject
Project("{FAE04EC0-301F-11D3-BF4B-00C04F79EFBC}") = "Apworks.Tests.EventStore.MySql", "tests\Apworks.Tests.EventStore.MySql\Apworks.Tests.EventStore.MySql.csproj", "{70B92FC9-CE15-4D92-9F1D-9268DD7C98BC}"
EndProject
Project("{FAE04EC0-301F-11D3-BF4B-00C04F79EFBC}") = "Apworks.Tests.EventStore.SqlExpress", "tests\Apworks.Tests.EventStore.SqlExpress\Apworks.Tests.EventStore.SqlExpress.csproj", "{75FA723C-9032-4402-A26B-F58CC23563AE}"
EndProject
Project("{FAE04EC0-301F-11D3-BF4B-00C04F79EFBC}") = "Apworks.Tests.ExceptionHandling", "tests\Apworks.Tests.ExceptionHandling\Apworks.Tests.ExceptionHandling.csproj", "{9CD45E52-8EB2-4BD0-A891-B8C63D6ACEA4}"
EndProject
Project("{FAE04EC0-301F-11D3-BF4B-00C04F79EFBC}") = "Apworks.Tests.Generators", "tests\Apworks.Tests.Generators\Apworks.Tests.Generators.csproj", "{DA30C90B-6A4A-46D3-8E99-10CEC0CDFE7B}"
EndProject
Project("{FAE04EC0-301F-11D3-BF4B-00C04F79EFBC}") = "Apworks.Tests.Interception", "tests\Apworks.Tests.Interception\Apworks.Tests.Interception.csproj", "{CF3E1EBE-37C7-4528-A1F8-C4CD4942110B}"
EndProject
Project("{FAE04EC0-301F-11D3-BF4B-00C04F79EFBC}") = "Apworks.Tests.MessageDispatcher", "tests\Apworks.Tests.MessageDispatcher\Apworks.Tests.MessageDispatcher.csproj", "{523EA61D-3223-4444-B747-01D53A7A0BAD}"
EndProject
Project("{FAE04EC0-301F-11D3-BF4B-00C04F79EFBC}") = "Apworks.Tests.Repositories.DomainRepository", "tests\Apworks.Tests.Repositories.DomainRepository\Apworks.Tests.Repositories.DomainRepository.csproj", "{342A8930-F176-48B0-A538-62D0AD2BA526}"
EndProject
Project("{FAE04EC0-301F-11D3-BF4B-00C04F79EFBC}") = "Apworks.Tests.Repositories.EntityFrameworkRepository", "tests\Apworks.Tests.Repositories.EntityFrameworkRepository\Apworks.Tests.Repositories.EntityFrameworkRepository.csproj", "{7B3FAAA6-279B-4FB8-ADA6-7B0665E8F4DF}"
EndProject
Project("{FAE04EC0-301F-11D3-BF4B-00C04F79EFBC}") = "Apworks.Tests.Repositories.MongoDB", "tests\Apworks.Tests.Repositories.MongoDB\Apworks.Tests.Repositories.MongoDB.csproj", "{18A0A76A-ECEB-4563-AC18-275DF92B82C3}"
EndProject
Project("{FAE04EC0-301F-11D3-BF4B-00C04F79EFBC}") = "Apworks.Tests.Repositories.NHibernateRepository", "tests\Apworks.Tests.Repositories.NHibernateRepository\Apworks.Tests.Repositories.NHibernateRepository.csproj", "{22E69AC0-13E4-4934-BA2E-612093BF7ABC}"
EndProject
Global
	GlobalSection(SolutionConfigurationPlatforms) = preSolution
		CoreDebugDeployment|Any CPU = CoreDebugDeployment|Any CPU
		CoreDebugDeployment|Mixed Platforms = CoreDebugDeployment|Mixed Platforms
		CoreDebugDeployment|x86 = CoreDebugDeployment|x86
		CoreReleaseDeployment|Any CPU = CoreReleaseDeployment|Any CPU
		CoreReleaseDeployment|Mixed Platforms = CoreReleaseDeployment|Mixed Platforms
		CoreReleaseDeployment|x86 = CoreReleaseDeployment|x86
		Debug|Any CPU = Debug|Any CPU
		Debug|Mixed Platforms = Debug|Mixed Platforms
		Debug|x86 = Debug|x86
		Release|Any CPU = Release|Any CPU
		Release|Mixed Platforms = Release|Mixed Platforms
		Release|x86 = Release|x86
	EndGlobalSection
	GlobalSection(ProjectConfigurationPlatforms) = postSolution
		{AABEA3F6-07BC-4EB8-9CBF-68BAAF381BAE}.CoreDebugDeployment|Any CPU.ActiveCfg = CoreDebugDeployment|Any CPU
		{AABEA3F6-07BC-4EB8-9CBF-68BAAF381BAE}.CoreDebugDeployment|Any CPU.Build.0 = CoreDebugDeployment|Any CPU
		{AABEA3F6-07BC-4EB8-9CBF-68BAAF381BAE}.CoreDebugDeployment|Mixed Platforms.ActiveCfg = CoreDebugDeployment|Any CPU
		{AABEA3F6-07BC-4EB8-9CBF-68BAAF381BAE}.CoreDebugDeployment|Mixed Platforms.Build.0 = CoreDebugDeployment|Any CPU
		{AABEA3F6-07BC-4EB8-9CBF-68BAAF381BAE}.CoreDebugDeployment|x86.ActiveCfg = CoreDebugDeployment|Any CPU
		{AABEA3F6-07BC-4EB8-9CBF-68BAAF381BAE}.CoreReleaseDeployment|Any CPU.ActiveCfg = CoreReleaseDeployment|Any CPU
		{AABEA3F6-07BC-4EB8-9CBF-68BAAF381BAE}.CoreReleaseDeployment|Any CPU.Build.0 = CoreReleaseDeployment|Any CPU
		{AABEA3F6-07BC-4EB8-9CBF-68BAAF381BAE}.CoreReleaseDeployment|Mixed Platforms.ActiveCfg = CoreReleaseDeployment|Any CPU
		{AABEA3F6-07BC-4EB8-9CBF-68BAAF381BAE}.CoreReleaseDeployment|Mixed Platforms.Build.0 = CoreReleaseDeployment|Any CPU
		{AABEA3F6-07BC-4EB8-9CBF-68BAAF381BAE}.CoreReleaseDeployment|x86.ActiveCfg = CoreReleaseDeployment|Any CPU
		{AABEA3F6-07BC-4EB8-9CBF-68BAAF381BAE}.Debug|Any CPU.ActiveCfg = Debug|Any CPU
		{AABEA3F6-07BC-4EB8-9CBF-68BAAF381BAE}.Debug|Any CPU.Build.0 = Debug|Any CPU
		{AABEA3F6-07BC-4EB8-9CBF-68BAAF381BAE}.Debug|Mixed Platforms.ActiveCfg = Debug|Any CPU
		{AABEA3F6-07BC-4EB8-9CBF-68BAAF381BAE}.Debug|Mixed Platforms.Build.0 = Debug|Any CPU
		{AABEA3F6-07BC-4EB8-9CBF-68BAAF381BAE}.Debug|x86.ActiveCfg = Debug|Any CPU
		{AABEA3F6-07BC-4EB8-9CBF-68BAAF381BAE}.Release|Any CPU.ActiveCfg = Release|Any CPU
		{AABEA3F6-07BC-4EB8-9CBF-68BAAF381BAE}.Release|Any CPU.Build.0 = Release|Any CPU
		{AABEA3F6-07BC-4EB8-9CBF-68BAAF381BAE}.Release|Mixed Platforms.ActiveCfg = Release|Any CPU
		{AABEA3F6-07BC-4EB8-9CBF-68BAAF381BAE}.Release|Mixed Platforms.Build.0 = Release|Any CPU
		{AABEA3F6-07BC-4EB8-9CBF-68BAAF381BAE}.Release|x86.ActiveCfg = Release|Any CPU
		{B9D8E0AC-7CC8-4823-9BE5-9389831D093D}.CoreDebugDeployment|Any CPU.ActiveCfg = CoreDebugDeployment|Any CPU
		{B9D8E0AC-7CC8-4823-9BE5-9389831D093D}.CoreDebugDeployment|Any CPU.Build.0 = CoreDebugDeployment|Any CPU
		{B9D8E0AC-7CC8-4823-9BE5-9389831D093D}.CoreDebugDeployment|Mixed Platforms.ActiveCfg = CoreDebugDeployment|Any CPU
		{B9D8E0AC-7CC8-4823-9BE5-9389831D093D}.CoreDebugDeployment|Mixed Platforms.Build.0 = CoreDebugDeployment|Any CPU
		{B9D8E0AC-7CC8-4823-9BE5-9389831D093D}.CoreDebugDeployment|x86.ActiveCfg = CoreDebugDeployment|x86
		{B9D8E0AC-7CC8-4823-9BE5-9389831D093D}.CoreDebugDeployment|x86.Build.0 = CoreDebugDeployment|x86
		{B9D8E0AC-7CC8-4823-9BE5-9389831D093D}.CoreReleaseDeployment|Any CPU.ActiveCfg = CoreReleaseDeployment|Any CPU
		{B9D8E0AC-7CC8-4823-9BE5-9389831D093D}.CoreReleaseDeployment|Any CPU.Build.0 = CoreReleaseDeployment|Any CPU
		{B9D8E0AC-7CC8-4823-9BE5-9389831D093D}.CoreReleaseDeployment|Mixed Platforms.ActiveCfg = CoreReleaseDeployment|x86
		{B9D8E0AC-7CC8-4823-9BE5-9389831D093D}.CoreReleaseDeployment|Mixed Platforms.Build.0 = CoreReleaseDeployment|x86
		{B9D8E0AC-7CC8-4823-9BE5-9389831D093D}.CoreReleaseDeployment|x86.ActiveCfg = CoreReleaseDeployment|x86
		{B9D8E0AC-7CC8-4823-9BE5-9389831D093D}.CoreReleaseDeployment|x86.Build.0 = CoreReleaseDeployment|x86
		{B9D8E0AC-7CC8-4823-9BE5-9389831D093D}.Debug|Any CPU.ActiveCfg = Debug|Any CPU
		{B9D8E0AC-7CC8-4823-9BE5-9389831D093D}.Debug|Any CPU.Build.0 = Debug|Any CPU
		{B9D8E0AC-7CC8-4823-9BE5-9389831D093D}.Debug|Mixed Platforms.ActiveCfg = Debug|Any CPU
		{B9D8E0AC-7CC8-4823-9BE5-9389831D093D}.Debug|Mixed Platforms.Build.0 = Debug|Any CPU
		{B9D8E0AC-7CC8-4823-9BE5-9389831D093D}.Debug|x86.ActiveCfg = Debug|x86
		{B9D8E0AC-7CC8-4823-9BE5-9389831D093D}.Debug|x86.Build.0 = Debug|x86
		{B9D8E0AC-7CC8-4823-9BE5-9389831D093D}.Release|Any CPU.ActiveCfg = Release|Any CPU
		{B9D8E0AC-7CC8-4823-9BE5-9389831D093D}.Release|Any CPU.Build.0 = Release|Any CPU
		{B9D8E0AC-7CC8-4823-9BE5-9389831D093D}.Release|Mixed Platforms.ActiveCfg = Release|x86
		{B9D8E0AC-7CC8-4823-9BE5-9389831D093D}.Release|Mixed Platforms.Build.0 = Release|x86
		{B9D8E0AC-7CC8-4823-9BE5-9389831D093D}.Release|x86.ActiveCfg = Release|x86
		{B9D8E0AC-7CC8-4823-9BE5-9389831D093D}.Release|x86.Build.0 = Release|x86
		{504A62DA-2969-4EFE-A3C5-3AC686BC4EE7}.CoreDebugDeployment|Any CPU.ActiveCfg = CoreDebugDeployment|Any CPU
		{504A62DA-2969-4EFE-A3C5-3AC686BC4EE7}.CoreDebugDeployment|Any CPU.Build.0 = CoreDebugDeployment|Any CPU
		{504A62DA-2969-4EFE-A3C5-3AC686BC4EE7}.CoreDebugDeployment|Mixed Platforms.ActiveCfg = CoreDebugDeployment|Any CPU
		{504A62DA-2969-4EFE-A3C5-3AC686BC4EE7}.CoreDebugDeployment|Mixed Platforms.Build.0 = CoreDebugDeployment|Any CPU
		{504A62DA-2969-4EFE-A3C5-3AC686BC4EE7}.CoreDebugDeployment|x86.ActiveCfg = CoreDebugDeployment|Any CPU
		{504A62DA-2969-4EFE-A3C5-3AC686BC4EE7}.CoreReleaseDeployment|Any CPU.ActiveCfg = CoreReleaseDeployment|Any CPU
		{504A62DA-2969-4EFE-A3C5-3AC686BC4EE7}.CoreReleaseDeployment|Any CPU.Build.0 = CoreReleaseDeployment|Any CPU
		{504A62DA-2969-4EFE-A3C5-3AC686BC4EE7}.CoreReleaseDeployment|Mixed Platforms.ActiveCfg = CoreReleaseDeployment|Any CPU
		{504A62DA-2969-4EFE-A3C5-3AC686BC4EE7}.CoreReleaseDeployment|Mixed Platforms.Build.0 = CoreReleaseDeployment|Any CPU
		{504A62DA-2969-4EFE-A3C5-3AC686BC4EE7}.CoreReleaseDeployment|x86.ActiveCfg = CoreReleaseDeployment|Any CPU
		{504A62DA-2969-4EFE-A3C5-3AC686BC4EE7}.Debug|Any CPU.ActiveCfg = Debug|Any CPU
		{504A62DA-2969-4EFE-A3C5-3AC686BC4EE7}.Debug|Any CPU.Build.0 = Debug|Any CPU
		{504A62DA-2969-4EFE-A3C5-3AC686BC4EE7}.Debug|Mixed Platforms.ActiveCfg = Debug|Any CPU
		{504A62DA-2969-4EFE-A3C5-3AC686BC4EE7}.Debug|Mixed Platforms.Build.0 = Debug|Any CPU
		{504A62DA-2969-4EFE-A3C5-3AC686BC4EE7}.Debug|x86.ActiveCfg = Debug|Any CPU
		{504A62DA-2969-4EFE-A3C5-3AC686BC4EE7}.Release|Any CPU.ActiveCfg = Release|Any CPU
		{504A62DA-2969-4EFE-A3C5-3AC686BC4EE7}.Release|Any CPU.Build.0 = Release|Any CPU
		{504A62DA-2969-4EFE-A3C5-3AC686BC4EE7}.Release|Mixed Platforms.ActiveCfg = Release|Any CPU
		{504A62DA-2969-4EFE-A3C5-3AC686BC4EE7}.Release|Mixed Platforms.Build.0 = Release|Any CPU
		{504A62DA-2969-4EFE-A3C5-3AC686BC4EE7}.Release|x86.ActiveCfg = Release|Any CPU
		{562AE750-3EB7-42A6-9297-C7C941723670}.CoreDebugDeployment|Any CPU.ActiveCfg = CoreDebugDeployment|Any CPU
		{562AE750-3EB7-42A6-9297-C7C941723670}.CoreDebugDeployment|Any CPU.Build.0 = CoreDebugDeployment|Any CPU
		{562AE750-3EB7-42A6-9297-C7C941723670}.CoreDebugDeployment|Mixed Platforms.ActiveCfg = CoreDebugDeployment|Any CPU
		{562AE750-3EB7-42A6-9297-C7C941723670}.CoreDebugDeployment|Mixed Platforms.Build.0 = CoreDebugDeployment|Any CPU
		{562AE750-3EB7-42A6-9297-C7C941723670}.CoreDebugDeployment|x86.ActiveCfg = CoreDebugDeployment|Any CPU
		{562AE750-3EB7-42A6-9297-C7C941723670}.CoreReleaseDeployment|Any CPU.ActiveCfg = CoreReleaseDeployment|Any CPU
		{562AE750-3EB7-42A6-9297-C7C941723670}.CoreReleaseDeployment|Any CPU.Build.0 = CoreReleaseDeployment|Any CPU
		{562AE750-3EB7-42A6-9297-C7C941723670}.CoreReleaseDeployment|Mixed Platforms.ActiveCfg = CoreReleaseDeployment|Any CPU
		{562AE750-3EB7-42A6-9297-C7C941723670}.CoreReleaseDeployment|Mixed Platforms.Build.0 = CoreReleaseDeployment|Any CPU
		{562AE750-3EB7-42A6-9297-C7C941723670}.CoreReleaseDeployment|x86.ActiveCfg = CoreReleaseDeployment|Any CPU
		{562AE750-3EB7-42A6-9297-C7C941723670}.Debug|Any CPU.ActiveCfg = Debug|Any CPU
		{562AE750-3EB7-42A6-9297-C7C941723670}.Debug|Any CPU.Build.0 = Debug|Any CPU
		{562AE750-3EB7-42A6-9297-C7C941723670}.Debug|Mixed Platforms.ActiveCfg = Debug|Any CPU
		{562AE750-3EB7-42A6-9297-C7C941723670}.Debug|Mixed Platforms.Build.0 = Debug|Any CPU
		{562AE750-3EB7-42A6-9297-C7C941723670}.Debug|x86.ActiveCfg = Debug|Any CPU
		{562AE750-3EB7-42A6-9297-C7C941723670}.Release|Any CPU.ActiveCfg = Release|Any CPU
		{562AE750-3EB7-42A6-9297-C7C941723670}.Release|Any CPU.Build.0 = Release|Any CPU
		{562AE750-3EB7-42A6-9297-C7C941723670}.Release|Mixed Platforms.ActiveCfg = Release|Any CPU
		{562AE750-3EB7-42A6-9297-C7C941723670}.Release|Mixed Platforms.Build.0 = Release|Any CPU
		{562AE750-3EB7-42A6-9297-C7C941723670}.Release|x86.ActiveCfg = Release|Any CPU
		{73D272F6-29EB-4498-A364-88CF702AEAE7}.CoreDebugDeployment|Any CPU.ActiveCfg = CoreDebugDeployment|Any CPU
		{73D272F6-29EB-4498-A364-88CF702AEAE7}.CoreDebugDeployment|Any CPU.Build.0 = CoreDebugDeployment|Any CPU
		{73D272F6-29EB-4498-A364-88CF702AEAE7}.CoreDebugDeployment|Mixed Platforms.ActiveCfg = CoreDebugDeployment|Any CPU
		{73D272F6-29EB-4498-A364-88CF702AEAE7}.CoreDebugDeployment|Mixed Platforms.Build.0 = CoreDebugDeployment|Any CPU
		{73D272F6-29EB-4498-A364-88CF702AEAE7}.CoreDebugDeployment|x86.ActiveCfg = CoreDebugDeployment|Any CPU
		{73D272F6-29EB-4498-A364-88CF702AEAE7}.CoreReleaseDeployment|Any CPU.ActiveCfg = CoreReleaseDeployment|Any CPU
		{73D272F6-29EB-4498-A364-88CF702AEAE7}.CoreReleaseDeployment|Any CPU.Build.0 = CoreReleaseDeployment|Any CPU
		{73D272F6-29EB-4498-A364-88CF702AEAE7}.CoreReleaseDeployment|Mixed Platforms.ActiveCfg = CoreReleaseDeployment|Any CPU
		{73D272F6-29EB-4498-A364-88CF702AEAE7}.CoreReleaseDeployment|Mixed Platforms.Build.0 = CoreReleaseDeployment|Any CPU
		{73D272F6-29EB-4498-A364-88CF702AEAE7}.CoreReleaseDeployment|x86.ActiveCfg = CoreReleaseDeployment|Any CPU
		{73D272F6-29EB-4498-A364-88CF702AEAE7}.Debug|Any CPU.ActiveCfg = Debug|Any CPU
		{73D272F6-29EB-4498-A364-88CF702AEAE7}.Debug|Any CPU.Build.0 = Debug|Any CPU
		{73D272F6-29EB-4498-A364-88CF702AEAE7}.Debug|Mixed Platforms.ActiveCfg = Debug|Any CPU
		{73D272F6-29EB-4498-A364-88CF702AEAE7}.Debug|Mixed Platforms.Build.0 = Debug|Any CPU
		{73D272F6-29EB-4498-A364-88CF702AEAE7}.Debug|x86.ActiveCfg = Debug|Any CPU
		{73D272F6-29EB-4498-A364-88CF702AEAE7}.Release|Any CPU.ActiveCfg = Release|Any CPU
		{73D272F6-29EB-4498-A364-88CF702AEAE7}.Release|Any CPU.Build.0 = Release|Any CPU
		{73D272F6-29EB-4498-A364-88CF702AEAE7}.Release|Mixed Platforms.ActiveCfg = Release|Any CPU
		{73D272F6-29EB-4498-A364-88CF702AEAE7}.Release|Mixed Platforms.Build.0 = Release|Any CPU
		{73D272F6-29EB-4498-A364-88CF702AEAE7}.Release|x86.ActiveCfg = Release|Any CPU
		{C65C063A-9B9D-47DB-8011-DF4BD75CDE8B}.CoreDebugDeployment|Any CPU.ActiveCfg = CoreDebugDeployment|Any CPU
		{C65C063A-9B9D-47DB-8011-DF4BD75CDE8B}.CoreDebugDeployment|Any CPU.Build.0 = CoreDebugDeployment|Any CPU
		{C65C063A-9B9D-47DB-8011-DF4BD75CDE8B}.CoreDebugDeployment|Mixed Platforms.ActiveCfg = CoreDebugDeployment|Any CPU
		{C65C063A-9B9D-47DB-8011-DF4BD75CDE8B}.CoreDebugDeployment|Mixed Platforms.Build.0 = CoreDebugDeployment|Any CPU
		{C65C063A-9B9D-47DB-8011-DF4BD75CDE8B}.CoreDebugDeployment|x86.ActiveCfg = CoreDebugDeployment|Any CPU
		{C65C063A-9B9D-47DB-8011-DF4BD75CDE8B}.CoreReleaseDeployment|Any CPU.ActiveCfg = CoreReleaseDeployment|Any CPU
		{C65C063A-9B9D-47DB-8011-DF4BD75CDE8B}.CoreReleaseDeployment|Any CPU.Build.0 = CoreReleaseDeployment|Any CPU
		{C65C063A-9B9D-47DB-8011-DF4BD75CDE8B}.CoreReleaseDeployment|Mixed Platforms.ActiveCfg = CoreReleaseDeployment|Any CPU
		{C65C063A-9B9D-47DB-8011-DF4BD75CDE8B}.CoreReleaseDeployment|Mixed Platforms.Build.0 = CoreReleaseDeployment|Any CPU
		{C65C063A-9B9D-47DB-8011-DF4BD75CDE8B}.CoreReleaseDeployment|x86.ActiveCfg = CoreReleaseDeployment|Any CPU
		{C65C063A-9B9D-47DB-8011-DF4BD75CDE8B}.Debug|Any CPU.ActiveCfg = Debug|Any CPU
		{C65C063A-9B9D-47DB-8011-DF4BD75CDE8B}.Debug|Any CPU.Build.0 = Debug|Any CPU
		{C65C063A-9B9D-47DB-8011-DF4BD75CDE8B}.Debug|Mixed Platforms.ActiveCfg = Debug|Any CPU
		{C65C063A-9B9D-47DB-8011-DF4BD75CDE8B}.Debug|Mixed Platforms.Build.0 = Debug|Any CPU
		{C65C063A-9B9D-47DB-8011-DF4BD75CDE8B}.Debug|x86.ActiveCfg = Debug|Any CPU
		{C65C063A-9B9D-47DB-8011-DF4BD75CDE8B}.Release|Any CPU.ActiveCfg = Release|Any CPU
		{C65C063A-9B9D-47DB-8011-DF4BD75CDE8B}.Release|Any CPU.Build.0 = Release|Any CPU
		{C65C063A-9B9D-47DB-8011-DF4BD75CDE8B}.Release|Mixed Platforms.ActiveCfg = Release|Any CPU
		{C65C063A-9B9D-47DB-8011-DF4BD75CDE8B}.Release|Mixed Platforms.Build.0 = Release|Any CPU
		{C65C063A-9B9D-47DB-8011-DF4BD75CDE8B}.Release|x86.ActiveCfg = Release|Any CPU
		{878621F3-C8F3-4374-AE6E-03831FBB9071}.CoreDebugDeployment|Any CPU.ActiveCfg = CoreDebugDeployment|Any CPU
		{878621F3-C8F3-4374-AE6E-03831FBB9071}.CoreDebugDeployment|Any CPU.Build.0 = CoreDebugDeployment|Any CPU
		{878621F3-C8F3-4374-AE6E-03831FBB9071}.CoreDebugDeployment|Mixed Platforms.ActiveCfg = CoreDebugDeployment|Any CPU
		{878621F3-C8F3-4374-AE6E-03831FBB9071}.CoreDebugDeployment|Mixed Platforms.Build.0 = CoreDebugDeployment|Any CPU
		{878621F3-C8F3-4374-AE6E-03831FBB9071}.CoreDebugDeployment|x86.ActiveCfg = CoreDebugDeployment|Any CPU
		{878621F3-C8F3-4374-AE6E-03831FBB9071}.CoreReleaseDeployment|Any CPU.ActiveCfg = CoreReleaseDeployment|Any CPU
		{878621F3-C8F3-4374-AE6E-03831FBB9071}.CoreReleaseDeployment|Any CPU.Build.0 = CoreReleaseDeployment|Any CPU
		{878621F3-C8F3-4374-AE6E-03831FBB9071}.CoreReleaseDeployment|Mixed Platforms.ActiveCfg = CoreReleaseDeployment|Any CPU
		{878621F3-C8F3-4374-AE6E-03831FBB9071}.CoreReleaseDeployment|Mixed Platforms.Build.0 = CoreReleaseDeployment|Any CPU
		{878621F3-C8F3-4374-AE6E-03831FBB9071}.CoreReleaseDeployment|x86.ActiveCfg = CoreReleaseDeployment|Any CPU
		{878621F3-C8F3-4374-AE6E-03831FBB9071}.Debug|Any CPU.ActiveCfg = Debug|Any CPU
		{878621F3-C8F3-4374-AE6E-03831FBB9071}.Debug|Any CPU.Build.0 = Debug|Any CPU
		{878621F3-C8F3-4374-AE6E-03831FBB9071}.Debug|Mixed Platforms.ActiveCfg = Debug|Any CPU
		{878621F3-C8F3-4374-AE6E-03831FBB9071}.Debug|Mixed Platforms.Build.0 = Debug|Any CPU
		{878621F3-C8F3-4374-AE6E-03831FBB9071}.Debug|x86.ActiveCfg = Debug|Any CPU
		{878621F3-C8F3-4374-AE6E-03831FBB9071}.Release|Any CPU.ActiveCfg = Release|Any CPU
		{878621F3-C8F3-4374-AE6E-03831FBB9071}.Release|Any CPU.Build.0 = Release|Any CPU
		{878621F3-C8F3-4374-AE6E-03831FBB9071}.Release|Mixed Platforms.ActiveCfg = Release|Any CPU
		{878621F3-C8F3-4374-AE6E-03831FBB9071}.Release|Mixed Platforms.Build.0 = Release|Any CPU
		{878621F3-C8F3-4374-AE6E-03831FBB9071}.Release|x86.ActiveCfg = Release|Any CPU
		{44857580-036E-4D64-BA85-FA4092528771}.CoreDebugDeployment|Any CPU.ActiveCfg = CoreDebugDeployment|Any CPU
		{44857580-036E-4D64-BA85-FA4092528771}.CoreDebugDeployment|Any CPU.Build.0 = CoreDebugDeployment|Any CPU
		{44857580-036E-4D64-BA85-FA4092528771}.CoreDebugDeployment|Mixed Platforms.ActiveCfg = CoreDebugDeployment|Any CPU
		{44857580-036E-4D64-BA85-FA4092528771}.CoreDebugDeployment|Mixed Platforms.Build.0 = CoreDebugDeployment|Any CPU
		{44857580-036E-4D64-BA85-FA4092528771}.CoreDebugDeployment|x86.ActiveCfg = CoreDebugDeployment|Any CPU
		{44857580-036E-4D64-BA85-FA4092528771}.CoreReleaseDeployment|Any CPU.ActiveCfg = CoreReleaseDeployment|Any CPU
		{44857580-036E-4D64-BA85-FA4092528771}.CoreReleaseDeployment|Any CPU.Build.0 = CoreReleaseDeployment|Any CPU
		{44857580-036E-4D64-BA85-FA4092528771}.CoreReleaseDeployment|Mixed Platforms.ActiveCfg = CoreReleaseDeployment|Any CPU
		{44857580-036E-4D64-BA85-FA4092528771}.CoreReleaseDeployment|Mixed Platforms.Build.0 = CoreReleaseDeployment|Any CPU
		{44857580-036E-4D64-BA85-FA4092528771}.CoreReleaseDeployment|x86.ActiveCfg = CoreReleaseDeployment|Any CPU
		{44857580-036E-4D64-BA85-FA4092528771}.Debug|Any CPU.ActiveCfg = Debug|Any CPU
		{44857580-036E-4D64-BA85-FA4092528771}.Debug|Any CPU.Build.0 = Debug|Any CPU
		{44857580-036E-4D64-BA85-FA4092528771}.Debug|Mixed Platforms.ActiveCfg = Debug|Any CPU
		{44857580-036E-4D64-BA85-FA4092528771}.Debug|Mixed Platforms.Build.0 = Debug|Any CPU
		{44857580-036E-4D64-BA85-FA4092528771}.Debug|x86.ActiveCfg = Debug|Any CPU
		{44857580-036E-4D64-BA85-FA4092528771}.Release|Any CPU.ActiveCfg = Release|Any CPU
		{44857580-036E-4D64-BA85-FA4092528771}.Release|Any CPU.Build.0 = Release|Any CPU
		{44857580-036E-4D64-BA85-FA4092528771}.Release|Mixed Platforms.ActiveCfg = Release|Any CPU
		{44857580-036E-4D64-BA85-FA4092528771}.Release|Mixed Platforms.Build.0 = Release|Any CPU
		{44857580-036E-4D64-BA85-FA4092528771}.Release|x86.ActiveCfg = Release|Any CPU
		{38CC8B20-5EB7-478A-8C7E-972BF3069319}.CoreDebugDeployment|Any CPU.ActiveCfg = CoreDebugDeployment|Any CPU
		{38CC8B20-5EB7-478A-8C7E-972BF3069319}.CoreDebugDeployment|Any CPU.Build.0 = CoreDebugDeployment|Any CPU
		{38CC8B20-5EB7-478A-8C7E-972BF3069319}.CoreDebugDeployment|Mixed Platforms.ActiveCfg = CoreDebugDeployment|Any CPU
		{38CC8B20-5EB7-478A-8C7E-972BF3069319}.CoreDebugDeployment|Mixed Platforms.Build.0 = CoreDebugDeployment|Any CPU
		{38CC8B20-5EB7-478A-8C7E-972BF3069319}.CoreDebugDeployment|x86.ActiveCfg = CoreDebugDeployment|Any CPU
		{38CC8B20-5EB7-478A-8C7E-972BF3069319}.CoreReleaseDeployment|Any CPU.ActiveCfg = CoreReleaseDeployment|Any CPU
		{38CC8B20-5EB7-478A-8C7E-972BF3069319}.CoreReleaseDeployment|Any CPU.Build.0 = CoreReleaseDeployment|Any CPU
		{38CC8B20-5EB7-478A-8C7E-972BF3069319}.CoreReleaseDeployment|Mixed Platforms.ActiveCfg = CoreReleaseDeployment|Any CPU
		{38CC8B20-5EB7-478A-8C7E-972BF3069319}.CoreReleaseDeployment|Mixed Platforms.Build.0 = CoreReleaseDeployment|Any CPU
		{38CC8B20-5EB7-478A-8C7E-972BF3069319}.CoreReleaseDeployment|x86.ActiveCfg = CoreReleaseDeployment|Any CPU
		{38CC8B20-5EB7-478A-8C7E-972BF3069319}.Debug|Any CPU.ActiveCfg = Debug|Any CPU
		{38CC8B20-5EB7-478A-8C7E-972BF3069319}.Debug|Any CPU.Build.0 = Debug|Any CPU
		{38CC8B20-5EB7-478A-8C7E-972BF3069319}.Debug|Mixed Platforms.ActiveCfg = Debug|Any CPU
		{38CC8B20-5EB7-478A-8C7E-972BF3069319}.Debug|Mixed Platforms.Build.0 = Debug|Any CPU
		{38CC8B20-5EB7-478A-8C7E-972BF3069319}.Debug|x86.ActiveCfg = Debug|Any CPU
		{38CC8B20-5EB7-478A-8C7E-972BF3069319}.Release|Any CPU.ActiveCfg = Release|Any CPU
		{38CC8B20-5EB7-478A-8C7E-972BF3069319}.Release|Any CPU.Build.0 = Release|Any CPU
		{38CC8B20-5EB7-478A-8C7E-972BF3069319}.Release|Mixed Platforms.ActiveCfg = Release|Any CPU
		{38CC8B20-5EB7-478A-8C7E-972BF3069319}.Release|Mixed Platforms.Build.0 = Release|Any CPU
		{38CC8B20-5EB7-478A-8C7E-972BF3069319}.Release|x86.ActiveCfg = Release|Any CPU
		{D5DBFC73-5471-4511-8283-EF450E24C3FE}.CoreDebugDeployment|Any CPU.ActiveCfg = Debug|x86
		{D5DBFC73-5471-4511-8283-EF450E24C3FE}.CoreDebugDeployment|Mixed Platforms.ActiveCfg = Debug|x86
		{D5DBFC73-5471-4511-8283-EF450E24C3FE}.CoreDebugDeployment|x86.ActiveCfg = Debug|x86
		{D5DBFC73-5471-4511-8283-EF450E24C3FE}.CoreDebugDeployment|x86.Build.0 = Debug|x86
		{D5DBFC73-5471-4511-8283-EF450E24C3FE}.CoreReleaseDeployment|Any CPU.ActiveCfg = Release|x86
		{D5DBFC73-5471-4511-8283-EF450E24C3FE}.CoreReleaseDeployment|Mixed Platforms.ActiveCfg = Release|x86
		{D5DBFC73-5471-4511-8283-EF450E24C3FE}.CoreReleaseDeployment|Mixed Platforms.Build.0 = Release|x86
		{D5DBFC73-5471-4511-8283-EF450E24C3FE}.CoreReleaseDeployment|x86.ActiveCfg = Release|x86
		{D5DBFC73-5471-4511-8283-EF450E24C3FE}.CoreReleaseDeployment|x86.Build.0 = Release|x86
		{D5DBFC73-5471-4511-8283-EF450E24C3FE}.Debug|Any CPU.ActiveCfg = Debug|x86
		{D5DBFC73-5471-4511-8283-EF450E24C3FE}.Debug|Mixed Platforms.ActiveCfg = Debug|x86
		{D5DBFC73-5471-4511-8283-EF450E24C3FE}.Debug|x86.ActiveCfg = Debug|x86
		{D5DBFC73-5471-4511-8283-EF450E24C3FE}.Debug|x86.Build.0 = Debug|x86
		{D5DBFC73-5471-4511-8283-EF450E24C3FE}.Release|Any CPU.ActiveCfg = Release|x86
		{D5DBFC73-5471-4511-8283-EF450E24C3FE}.Release|Any CPU.Build.0 = Release|x86
		{D5DBFC73-5471-4511-8283-EF450E24C3FE}.Release|Mixed Platforms.ActiveCfg = Release|x86
		{D5DBFC73-5471-4511-8283-EF450E24C3FE}.Release|Mixed Platforms.Build.0 = Release|x86
		{D5DBFC73-5471-4511-8283-EF450E24C3FE}.Release|x86.ActiveCfg = Release|x86
		{D5DBFC73-5471-4511-8283-EF450E24C3FE}.Release|x86.Build.0 = Release|x86
		{B206AA16-E0C6-4537-8D03-49EDF10810DD}.CoreDebugDeployment|Any CPU.ActiveCfg = CoreDebugDeployment|Any CPU
		{B206AA16-E0C6-4537-8D03-49EDF10810DD}.CoreDebugDeployment|Any CPU.Build.0 = CoreDebugDeployment|Any CPU
		{B206AA16-E0C6-4537-8D03-49EDF10810DD}.CoreDebugDeployment|Mixed Platforms.ActiveCfg = CoreDebugDeployment|Any CPU
		{B206AA16-E0C6-4537-8D03-49EDF10810DD}.CoreDebugDeployment|Mixed Platforms.Build.0 = CoreDebugDeployment|Any CPU
		{B206AA16-E0C6-4537-8D03-49EDF10810DD}.CoreDebugDeployment|x86.ActiveCfg = CoreDebugDeployment|Any CPU
		{B206AA16-E0C6-4537-8D03-49EDF10810DD}.CoreReleaseDeployment|Any CPU.ActiveCfg = CoreReleaseDeployment|Any CPU
		{B206AA16-E0C6-4537-8D03-49EDF10810DD}.CoreReleaseDeployment|Any CPU.Build.0 = CoreReleaseDeployment|Any CPU
		{B206AA16-E0C6-4537-8D03-49EDF10810DD}.CoreReleaseDeployment|Mixed Platforms.ActiveCfg = CoreReleaseDeployment|Any CPU
		{B206AA16-E0C6-4537-8D03-49EDF10810DD}.CoreReleaseDeployment|Mixed Platforms.Build.0 = CoreReleaseDeployment|Any CPU
		{B206AA16-E0C6-4537-8D03-49EDF10810DD}.CoreReleaseDeployment|x86.ActiveCfg = CoreReleaseDeployment|Any CPU
		{B206AA16-E0C6-4537-8D03-49EDF10810DD}.Debug|Any CPU.ActiveCfg = Debug|Any CPU
		{B206AA16-E0C6-4537-8D03-49EDF10810DD}.Debug|Any CPU.Build.0 = Debug|Any CPU
		{B206AA16-E0C6-4537-8D03-49EDF10810DD}.Debug|Mixed Platforms.ActiveCfg = Debug|Any CPU
		{B206AA16-E0C6-4537-8D03-49EDF10810DD}.Debug|Mixed Platforms.Build.0 = Debug|Any CPU
		{B206AA16-E0C6-4537-8D03-49EDF10810DD}.Debug|x86.ActiveCfg = Debug|Any CPU
		{B206AA16-E0C6-4537-8D03-49EDF10810DD}.Release|Any CPU.ActiveCfg = Release|Any CPU
		{B206AA16-E0C6-4537-8D03-49EDF10810DD}.Release|Any CPU.Build.0 = Release|Any CPU
		{B206AA16-E0C6-4537-8D03-49EDF10810DD}.Release|Mixed Platforms.ActiveCfg = Release|Any CPU
		{B206AA16-E0C6-4537-8D03-49EDF10810DD}.Release|Mixed Platforms.Build.0 = Release|Any CPU
		{B206AA16-E0C6-4537-8D03-49EDF10810DD}.Release|x86.ActiveCfg = Release|Any CPU
		{1818637E-3487-4C26-886C-2A35D953CBB8}.CoreDebugDeployment|Any CPU.ActiveCfg = CoreDebugDeployment|Any CPU
		{1818637E-3487-4C26-886C-2A35D953CBB8}.CoreDebugDeployment|Any CPU.Build.0 = CoreDebugDeployment|Any CPU
		{1818637E-3487-4C26-886C-2A35D953CBB8}.CoreDebugDeployment|Mixed Platforms.ActiveCfg = CoreDebugDeployment|Any CPU
		{1818637E-3487-4C26-886C-2A35D953CBB8}.CoreDebugDeployment|Mixed Platforms.Build.0 = CoreDebugDeployment|Any CPU
		{1818637E-3487-4C26-886C-2A35D953CBB8}.CoreDebugDeployment|x86.ActiveCfg = CoreDebugDeployment|Any CPU
		{1818637E-3487-4C26-886C-2A35D953CBB8}.CoreReleaseDeployment|Any CPU.ActiveCfg = CoreReleaseDeployment|Any CPU
		{1818637E-3487-4C26-886C-2A35D953CBB8}.CoreReleaseDeployment|Any CPU.Build.0 = CoreReleaseDeployment|Any CPU
		{1818637E-3487-4C26-886C-2A35D953CBB8}.CoreReleaseDeployment|Mixed Platforms.ActiveCfg = CoreReleaseDeployment|Any CPU
		{1818637E-3487-4C26-886C-2A35D953CBB8}.CoreReleaseDeployment|Mixed Platforms.Build.0 = CoreReleaseDeployment|Any CPU
		{1818637E-3487-4C26-886C-2A35D953CBB8}.CoreReleaseDeployment|x86.ActiveCfg = CoreReleaseDeployment|Any CPU
		{1818637E-3487-4C26-886C-2A35D953CBB8}.Debug|Any CPU.ActiveCfg = Debug|Any CPU
		{1818637E-3487-4C26-886C-2A35D953CBB8}.Debug|Any CPU.Build.0 = Debug|Any CPU
		{1818637E-3487-4C26-886C-2A35D953CBB8}.Debug|Mixed Platforms.ActiveCfg = Debug|Any CPU
		{1818637E-3487-4C26-886C-2A35D953CBB8}.Debug|Mixed Platforms.Build.0 = Debug|Any CPU
		{1818637E-3487-4C26-886C-2A35D953CBB8}.Debug|x86.ActiveCfg = Debug|Any CPU
		{1818637E-3487-4C26-886C-2A35D953CBB8}.Release|Any CPU.ActiveCfg = Release|Any CPU
		{1818637E-3487-4C26-886C-2A35D953CBB8}.Release|Any CPU.Build.0 = Release|Any CPU
		{1818637E-3487-4C26-886C-2A35D953CBB8}.Release|Mixed Platforms.ActiveCfg = Release|Any CPU
		{1818637E-3487-4C26-886C-2A35D953CBB8}.Release|Mixed Platforms.Build.0 = Release|Any CPU
		{1818637E-3487-4C26-886C-2A35D953CBB8}.Release|x86.ActiveCfg = Release|Any CPU
		{55498B80-C632-47D7-A7D7-0FD5A8D9CDA1}.CoreDebugDeployment|Any CPU.ActiveCfg = CoreDebugDeployment|Any CPU
		{55498B80-C632-47D7-A7D7-0FD5A8D9CDA1}.CoreDebugDeployment|Mixed Platforms.ActiveCfg = CoreDebugDeployment|Any CPU
		{55498B80-C632-47D7-A7D7-0FD5A8D9CDA1}.CoreDebugDeployment|x86.ActiveCfg = CoreDebugDeployment|Any CPU
		{55498B80-C632-47D7-A7D7-0FD5A8D9CDA1}.CoreReleaseDeployment|Any CPU.ActiveCfg = CoreReleaseDeployment|Any CPU
		{55498B80-C632-47D7-A7D7-0FD5A8D9CDA1}.CoreReleaseDeployment|Mixed Platforms.ActiveCfg = CoreReleaseDeployment|Any CPU
		{55498B80-C632-47D7-A7D7-0FD5A8D9CDA1}.CoreReleaseDeployment|Mixed Platforms.Build.0 = CoreReleaseDeployment|Any CPU
		{55498B80-C632-47D7-A7D7-0FD5A8D9CDA1}.CoreReleaseDeployment|x86.ActiveCfg = CoreReleaseDeployment|Any CPU
		{55498B80-C632-47D7-A7D7-0FD5A8D9CDA1}.Debug|Any CPU.ActiveCfg = Debug|Any CPU
		{55498B80-C632-47D7-A7D7-0FD5A8D9CDA1}.Debug|Any CPU.Build.0 = Debug|Any CPU
		{55498B80-C632-47D7-A7D7-0FD5A8D9CDA1}.Debug|Mixed Platforms.ActiveCfg = Debug|Any CPU
		{55498B80-C632-47D7-A7D7-0FD5A8D9CDA1}.Debug|Mixed Platforms.Build.0 = Debug|Any CPU
		{55498B80-C632-47D7-A7D7-0FD5A8D9CDA1}.Debug|x86.ActiveCfg = Debug|Any CPU
		{55498B80-C632-47D7-A7D7-0FD5A8D9CDA1}.Release|Any CPU.ActiveCfg = Release|Any CPU
		{55498B80-C632-47D7-A7D7-0FD5A8D9CDA1}.Release|Mixed Platforms.ActiveCfg = Release|Any CPU
		{55498B80-C632-47D7-A7D7-0FD5A8D9CDA1}.Release|x86.ActiveCfg = Release|Any CPU
		{8F1E8058-88B3-4E43-8F50-D376377794BD}.CoreDebugDeployment|Any CPU.ActiveCfg = CoreDebugDeployment|Any CPU
		{8F1E8058-88B3-4E43-8F50-D376377794BD}.CoreDebugDeployment|Mixed Platforms.ActiveCfg = CoreDebugDeployment|Any CPU
		{8F1E8058-88B3-4E43-8F50-D376377794BD}.CoreDebugDeployment|x86.ActiveCfg = CoreDebugDeployment|Any CPU
		{8F1E8058-88B3-4E43-8F50-D376377794BD}.CoreReleaseDeployment|Any CPU.ActiveCfg = CoreReleaseDeployment|Any CPU
		{8F1E8058-88B3-4E43-8F50-D376377794BD}.CoreReleaseDeployment|Mixed Platforms.ActiveCfg = CoreReleaseDeployment|Any CPU
		{8F1E8058-88B3-4E43-8F50-D376377794BD}.CoreReleaseDeployment|Mixed Platforms.Build.0 = CoreReleaseDeployment|Any CPU
		{8F1E8058-88B3-4E43-8F50-D376377794BD}.CoreReleaseDeployment|x86.ActiveCfg = CoreReleaseDeployment|Any CPU
		{8F1E8058-88B3-4E43-8F50-D376377794BD}.Debug|Any CPU.ActiveCfg = Debug|Any CPU
		{8F1E8058-88B3-4E43-8F50-D376377794BD}.Debug|Any CPU.Build.0 = Debug|Any CPU
		{8F1E8058-88B3-4E43-8F50-D376377794BD}.Debug|Mixed Platforms.ActiveCfg = Debug|Any CPU
		{8F1E8058-88B3-4E43-8F50-D376377794BD}.Debug|Mixed Platforms.Build.0 = Debug|Any CPU
		{8F1E8058-88B3-4E43-8F50-D376377794BD}.Debug|x86.ActiveCfg = Debug|Any CPU
		{8F1E8058-88B3-4E43-8F50-D376377794BD}.Release|Any CPU.ActiveCfg = Release|Any CPU
		{8F1E8058-88B3-4E43-8F50-D376377794BD}.Release|Mixed Platforms.ActiveCfg = Release|Any CPU
		{8F1E8058-88B3-4E43-8F50-D376377794BD}.Release|x86.ActiveCfg = Release|Any CPU
		{00DBA3EC-CCBF-49CA-9E9D-159B2CBE1FE8}.CoreDebugDeployment|Any CPU.ActiveCfg = Debug|Any CPU
		{00DBA3EC-CCBF-49CA-9E9D-159B2CBE1FE8}.CoreDebugDeployment|Mixed Platforms.ActiveCfg = Debug|Any CPU
		{00DBA3EC-CCBF-49CA-9E9D-159B2CBE1FE8}.CoreDebugDeployment|x86.ActiveCfg = Debug|Any CPU
		{00DBA3EC-CCBF-49CA-9E9D-159B2CBE1FE8}.CoreReleaseDeployment|Any CPU.ActiveCfg = Release|Any CPU
		{00DBA3EC-CCBF-49CA-9E9D-159B2CBE1FE8}.CoreReleaseDeployment|Mixed Platforms.ActiveCfg = Release|Any CPU
		{00DBA3EC-CCBF-49CA-9E9D-159B2CBE1FE8}.CoreReleaseDeployment|Mixed Platforms.Build.0 = Release|Any CPU
		{00DBA3EC-CCBF-49CA-9E9D-159B2CBE1FE8}.CoreReleaseDeployment|x86.ActiveCfg = Release|Any CPU
		{00DBA3EC-CCBF-49CA-9E9D-159B2CBE1FE8}.Debug|Any CPU.ActiveCfg = Debug|Any CPU
		{00DBA3EC-CCBF-49CA-9E9D-159B2CBE1FE8}.Debug|Any CPU.Build.0 = Debug|Any CPU
		{00DBA3EC-CCBF-49CA-9E9D-159B2CBE1FE8}.Debug|Mixed Platforms.ActiveCfg = Debug|Any CPU
		{00DBA3EC-CCBF-49CA-9E9D-159B2CBE1FE8}.Debug|Mixed Platforms.Build.0 = Debug|Any CPU
		{00DBA3EC-CCBF-49CA-9E9D-159B2CBE1FE8}.Debug|x86.ActiveCfg = Debug|Any CPU
		{00DBA3EC-CCBF-49CA-9E9D-159B2CBE1FE8}.Release|Any CPU.ActiveCfg = Release|Any CPU
		{00DBA3EC-CCBF-49CA-9E9D-159B2CBE1FE8}.Release|Mixed Platforms.ActiveCfg = Release|Any CPU
		{00DBA3EC-CCBF-49CA-9E9D-159B2CBE1FE8}.Release|x86.ActiveCfg = Release|Any CPU
		{51186FAA-4076-46F7-8E69-D5A34DDBFDC7}.CoreDebugDeployment|Any CPU.ActiveCfg = CoreDebugDeployment|Any CPU
		{51186FAA-4076-46F7-8E69-D5A34DDBFDC7}.CoreDebugDeployment|Mixed Platforms.ActiveCfg = CoreDebugDeployment|Any CPU
		{51186FAA-4076-46F7-8E69-D5A34DDBFDC7}.CoreDebugDeployment|x86.ActiveCfg = CoreDebugDeployment|Any CPU
		{51186FAA-4076-46F7-8E69-D5A34DDBFDC7}.CoreReleaseDeployment|Any CPU.ActiveCfg = CoreReleaseDeployment|Any CPU
		{51186FAA-4076-46F7-8E69-D5A34DDBFDC7}.CoreReleaseDeployment|Mixed Platforms.ActiveCfg = CoreReleaseDeployment|Any CPU
		{51186FAA-4076-46F7-8E69-D5A34DDBFDC7}.CoreReleaseDeployment|Mixed Platforms.Build.0 = CoreReleaseDeployment|Any CPU
		{51186FAA-4076-46F7-8E69-D5A34DDBFDC7}.CoreReleaseDeployment|x86.ActiveCfg = CoreReleaseDeployment|Any CPU
		{51186FAA-4076-46F7-8E69-D5A34DDBFDC7}.Debug|Any CPU.ActiveCfg = Debug|Any CPU
		{51186FAA-4076-46F7-8E69-D5A34DDBFDC7}.Debug|Any CPU.Build.0 = Debug|Any CPU
		{51186FAA-4076-46F7-8E69-D5A34DDBFDC7}.Debug|Mixed Platforms.ActiveCfg = Debug|Any CPU
		{51186FAA-4076-46F7-8E69-D5A34DDBFDC7}.Debug|Mixed Platforms.Build.0 = Debug|Any CPU
		{51186FAA-4076-46F7-8E69-D5A34DDBFDC7}.Debug|x86.ActiveCfg = Debug|Any CPU
		{51186FAA-4076-46F7-8E69-D5A34DDBFDC7}.Release|Any CPU.ActiveCfg = Release|Any CPU
		{51186FAA-4076-46F7-8E69-D5A34DDBFDC7}.Release|Mixed Platforms.ActiveCfg = Release|Any CPU
		{51186FAA-4076-46F7-8E69-D5A34DDBFDC7}.Release|x86.ActiveCfg = Release|Any CPU
		{70B92FC9-CE15-4D92-9F1D-9268DD7C98BC}.CoreDebugDeployment|Any CPU.ActiveCfg = CoreDebugDeployment|Any CPU
		{70B92FC9-CE15-4D92-9F1D-9268DD7C98BC}.CoreDebugDeployment|Mixed Platforms.ActiveCfg = CoreDebugDeployment|Any CPU
		{70B92FC9-CE15-4D92-9F1D-9268DD7C98BC}.CoreDebugDeployment|x86.ActiveCfg = CoreDebugDeployment|Any CPU
		{70B92FC9-CE15-4D92-9F1D-9268DD7C98BC}.CoreReleaseDeployment|Any CPU.ActiveCfg = CoreReleaseDeployment|Any CPU
		{70B92FC9-CE15-4D92-9F1D-9268DD7C98BC}.CoreReleaseDeployment|Mixed Platforms.ActiveCfg = CoreReleaseDeployment|Any CPU
		{70B92FC9-CE15-4D92-9F1D-9268DD7C98BC}.CoreReleaseDeployment|Mixed Platforms.Build.0 = CoreReleaseDeployment|Any CPU
		{70B92FC9-CE15-4D92-9F1D-9268DD7C98BC}.CoreReleaseDeployment|x86.ActiveCfg = CoreReleaseDeployment|Any CPU
		{70B92FC9-CE15-4D92-9F1D-9268DD7C98BC}.Debug|Any CPU.ActiveCfg = Debug|Any CPU
		{70B92FC9-CE15-4D92-9F1D-9268DD7C98BC}.Debug|Any CPU.Build.0 = Debug|Any CPU
		{70B92FC9-CE15-4D92-9F1D-9268DD7C98BC}.Debug|Mixed Platforms.ActiveCfg = Debug|Any CPU
		{70B92FC9-CE15-4D92-9F1D-9268DD7C98BC}.Debug|Mixed Platforms.Build.0 = Debug|Any CPU
		{70B92FC9-CE15-4D92-9F1D-9268DD7C98BC}.Debug|x86.ActiveCfg = Debug|Any CPU
		{70B92FC9-CE15-4D92-9F1D-9268DD7C98BC}.Release|Any CPU.ActiveCfg = Release|Any CPU
		{70B92FC9-CE15-4D92-9F1D-9268DD7C98BC}.Release|Mixed Platforms.ActiveCfg = Release|Any CPU
		{70B92FC9-CE15-4D92-9F1D-9268DD7C98BC}.Release|x86.ActiveCfg = Release|Any CPU
		{75FA723C-9032-4402-A26B-F58CC23563AE}.CoreDebugDeployment|Any CPU.ActiveCfg = CoreDebugDeployment|Any CPU
		{75FA723C-9032-4402-A26B-F58CC23563AE}.CoreDebugDeployment|Mixed Platforms.ActiveCfg = CoreDebugDeployment|Any CPU
		{75FA723C-9032-4402-A26B-F58CC23563AE}.CoreDebugDeployment|x86.ActiveCfg = CoreDebugDeployment|Any CPU
		{75FA723C-9032-4402-A26B-F58CC23563AE}.CoreReleaseDeployment|Any CPU.ActiveCfg = CoreReleaseDeployment|Any CPU
		{75FA723C-9032-4402-A26B-F58CC23563AE}.CoreReleaseDeployment|Mixed Platforms.ActiveCfg = CoreReleaseDeployment|Any CPU
		{75FA723C-9032-4402-A26B-F58CC23563AE}.CoreReleaseDeployment|Mixed Platforms.Build.0 = CoreReleaseDeployment|Any CPU
		{75FA723C-9032-4402-A26B-F58CC23563AE}.CoreReleaseDeployment|x86.ActiveCfg = CoreReleaseDeployment|Any CPU
		{75FA723C-9032-4402-A26B-F58CC23563AE}.Debug|Any CPU.ActiveCfg = Debug|Any CPU
		{75FA723C-9032-4402-A26B-F58CC23563AE}.Debug|Any CPU.Build.0 = Debug|Any CPU
		{75FA723C-9032-4402-A26B-F58CC23563AE}.Debug|Mixed Platforms.ActiveCfg = Debug|Any CPU
		{75FA723C-9032-4402-A26B-F58CC23563AE}.Debug|Mixed Platforms.Build.0 = Debug|Any CPU
		{75FA723C-9032-4402-A26B-F58CC23563AE}.Debug|x86.ActiveCfg = Debug|Any CPU
		{75FA723C-9032-4402-A26B-F58CC23563AE}.Release|Any CPU.ActiveCfg = Release|Any CPU
		{75FA723C-9032-4402-A26B-F58CC23563AE}.Release|Mixed Platforms.ActiveCfg = Release|Any CPU
		{75FA723C-9032-4402-A26B-F58CC23563AE}.Release|x86.ActiveCfg = Release|Any CPU
		{9CD45E52-8EB2-4BD0-A891-B8C63D6ACEA4}.CoreDebugDeployment|Any CPU.ActiveCfg = CoreDebugDeployment|Any CPU
		{9CD45E52-8EB2-4BD0-A891-B8C63D6ACEA4}.CoreDebugDeployment|Mixed Platforms.ActiveCfg = CoreDebugDeployment|Any CPU
		{9CD45E52-8EB2-4BD0-A891-B8C63D6ACEA4}.CoreDebugDeployment|x86.ActiveCfg = CoreDebugDeployment|Any CPU
		{9CD45E52-8EB2-4BD0-A891-B8C63D6ACEA4}.CoreReleaseDeployment|Any CPU.ActiveCfg = CoreReleaseDeployment|Any CPU
		{9CD45E52-8EB2-4BD0-A891-B8C63D6ACEA4}.CoreReleaseDeployment|Mixed Platforms.ActiveCfg = CoreReleaseDeployment|Any CPU
		{9CD45E52-8EB2-4BD0-A891-B8C63D6ACEA4}.CoreReleaseDeployment|Mixed Platforms.Build.0 = CoreReleaseDeployment|Any CPU
		{9CD45E52-8EB2-4BD0-A891-B8C63D6ACEA4}.CoreReleaseDeployment|x86.ActiveCfg = CoreReleaseDeployment|Any CPU
		{9CD45E52-8EB2-4BD0-A891-B8C63D6ACEA4}.Debug|Any CPU.ActiveCfg = Debug|Any CPU
		{9CD45E52-8EB2-4BD0-A891-B8C63D6ACEA4}.Debug|Any CPU.Build.0 = Debug|Any CPU
		{9CD45E52-8EB2-4BD0-A891-B8C63D6ACEA4}.Debug|Mixed Platforms.ActiveCfg = Debug|Any CPU
		{9CD45E52-8EB2-4BD0-A891-B8C63D6ACEA4}.Debug|Mixed Platforms.Build.0 = Debug|Any CPU
		{9CD45E52-8EB2-4BD0-A891-B8C63D6ACEA4}.Debug|x86.ActiveCfg = Debug|Any CPU
		{9CD45E52-8EB2-4BD0-A891-B8C63D6ACEA4}.Release|Any CPU.ActiveCfg = Release|Any CPU
		{9CD45E52-8EB2-4BD0-A891-B8C63D6ACEA4}.Release|Mixed Platforms.ActiveCfg = Release|Any CPU
		{9CD45E52-8EB2-4BD0-A891-B8C63D6ACEA4}.Release|x86.ActiveCfg = Release|Any CPU
		{DA30C90B-6A4A-46D3-8E99-10CEC0CDFE7B}.CoreDebugDeployment|Any CPU.ActiveCfg = CoreDebugDeployment|Any CPU
		{DA30C90B-6A4A-46D3-8E99-10CEC0CDFE7B}.CoreDebugDeployment|Mixed Platforms.ActiveCfg = CoreDebugDeployment|Any CPU
		{DA30C90B-6A4A-46D3-8E99-10CEC0CDFE7B}.CoreDebugDeployment|x86.ActiveCfg = CoreDebugDeployment|Any CPU
		{DA30C90B-6A4A-46D3-8E99-10CEC0CDFE7B}.CoreReleaseDeployment|Any CPU.ActiveCfg = CoreReleaseDeployment|Any CPU
		{DA30C90B-6A4A-46D3-8E99-10CEC0CDFE7B}.CoreReleaseDeployment|Mixed Platforms.ActiveCfg = CoreReleaseDeployment|Any CPU
		{DA30C90B-6A4A-46D3-8E99-10CEC0CDFE7B}.CoreReleaseDeployment|Mixed Platforms.Build.0 = CoreReleaseDeployment|Any CPU
		{DA30C90B-6A4A-46D3-8E99-10CEC0CDFE7B}.CoreReleaseDeployment|x86.ActiveCfg = CoreReleaseDeployment|Any CPU
		{DA30C90B-6A4A-46D3-8E99-10CEC0CDFE7B}.Debug|Any CPU.ActiveCfg = Debug|Any CPU
		{DA30C90B-6A4A-46D3-8E99-10CEC0CDFE7B}.Debug|Any CPU.Build.0 = Debug|Any CPU
		{DA30C90B-6A4A-46D3-8E99-10CEC0CDFE7B}.Debug|Mixed Platforms.ActiveCfg = Debug|Any CPU
		{DA30C90B-6A4A-46D3-8E99-10CEC0CDFE7B}.Debug|Mixed Platforms.Build.0 = Debug|Any CPU
		{DA30C90B-6A4A-46D3-8E99-10CEC0CDFE7B}.Debug|x86.ActiveCfg = Debug|Any CPU
		{DA30C90B-6A4A-46D3-8E99-10CEC0CDFE7B}.Release|Any CPU.ActiveCfg = Release|Any CPU
		{DA30C90B-6A4A-46D3-8E99-10CEC0CDFE7B}.Release|Mixed Platforms.ActiveCfg = Release|Any CPU
		{DA30C90B-6A4A-46D3-8E99-10CEC0CDFE7B}.Release|x86.ActiveCfg = Release|Any CPU
		{CF3E1EBE-37C7-4528-A1F8-C4CD4942110B}.CoreDebugDeployment|Any CPU.ActiveCfg = CoreDebugDeployment|Any CPU
		{CF3E1EBE-37C7-4528-A1F8-C4CD4942110B}.CoreDebugDeployment|Mixed Platforms.ActiveCfg = CoreDebugDeployment|Any CPU
		{CF3E1EBE-37C7-4528-A1F8-C4CD4942110B}.CoreDebugDeployment|x86.ActiveCfg = CoreDebugDeployment|Any CPU
		{CF3E1EBE-37C7-4528-A1F8-C4CD4942110B}.CoreReleaseDeployment|Any CPU.ActiveCfg = CoreReleaseDeployment|Any CPU
		{CF3E1EBE-37C7-4528-A1F8-C4CD4942110B}.CoreReleaseDeployment|Mixed Platforms.ActiveCfg = CoreReleaseDeployment|Any CPU
		{CF3E1EBE-37C7-4528-A1F8-C4CD4942110B}.CoreReleaseDeployment|Mixed Platforms.Build.0 = CoreReleaseDeployment|Any CPU
		{CF3E1EBE-37C7-4528-A1F8-C4CD4942110B}.CoreReleaseDeployment|x86.ActiveCfg = CoreReleaseDeployment|Any CPU
		{CF3E1EBE-37C7-4528-A1F8-C4CD4942110B}.Debug|Any CPU.ActiveCfg = Debug|Any CPU
		{CF3E1EBE-37C7-4528-A1F8-C4CD4942110B}.Debug|Any CPU.Build.0 = Debug|Any CPU
		{CF3E1EBE-37C7-4528-A1F8-C4CD4942110B}.Debug|Mixed Platforms.ActiveCfg = Debug|Any CPU
		{CF3E1EBE-37C7-4528-A1F8-C4CD4942110B}.Debug|Mixed Platforms.Build.0 = Debug|Any CPU
		{CF3E1EBE-37C7-4528-A1F8-C4CD4942110B}.Debug|x86.ActiveCfg = Debug|Any CPU
		{CF3E1EBE-37C7-4528-A1F8-C4CD4942110B}.Release|Any CPU.ActiveCfg = Release|Any CPU
		{CF3E1EBE-37C7-4528-A1F8-C4CD4942110B}.Release|Mixed Platforms.ActiveCfg = Release|Any CPU
		{CF3E1EBE-37C7-4528-A1F8-C4CD4942110B}.Release|x86.ActiveCfg = Release|Any CPU
		{523EA61D-3223-4444-B747-01D53A7A0BAD}.CoreDebugDeployment|Any CPU.ActiveCfg = CoreDebugDeployment|Any CPU
		{523EA61D-3223-4444-B747-01D53A7A0BAD}.CoreDebugDeployment|Mixed Platforms.ActiveCfg = CoreDebugDeployment|Any CPU
		{523EA61D-3223-4444-B747-01D53A7A0BAD}.CoreDebugDeployment|x86.ActiveCfg = CoreDebugDeployment|Any CPU
		{523EA61D-3223-4444-B747-01D53A7A0BAD}.CoreReleaseDeployment|Any CPU.ActiveCfg = CoreReleaseDeployment|Any CPU
		{523EA61D-3223-4444-B747-01D53A7A0BAD}.CoreReleaseDeployment|Mixed Platforms.ActiveCfg = CoreReleaseDeployment|Any CPU
		{523EA61D-3223-4444-B747-01D53A7A0BAD}.CoreReleaseDeployment|Mixed Platforms.Build.0 = CoreReleaseDeployment|Any CPU
		{523EA61D-3223-4444-B747-01D53A7A0BAD}.CoreReleaseDeployment|x86.ActiveCfg = CoreReleaseDeployment|Any CPU
		{523EA61D-3223-4444-B747-01D53A7A0BAD}.Debug|Any CPU.ActiveCfg = Debug|Any CPU
		{523EA61D-3223-4444-B747-01D53A7A0BAD}.Debug|Any CPU.Build.0 = Debug|Any CPU
		{523EA61D-3223-4444-B747-01D53A7A0BAD}.Debug|Mixed Platforms.ActiveCfg = Debug|Any CPU
		{523EA61D-3223-4444-B747-01D53A7A0BAD}.Debug|Mixed Platforms.Build.0 = Debug|Any CPU
		{523EA61D-3223-4444-B747-01D53A7A0BAD}.Debug|x86.ActiveCfg = Debug|Any CPU
		{523EA61D-3223-4444-B747-01D53A7A0BAD}.Release|Any CPU.ActiveCfg = Release|Any CPU
		{523EA61D-3223-4444-B747-01D53A7A0BAD}.Release|Mixed Platforms.ActiveCfg = Release|Any CPU
		{523EA61D-3223-4444-B747-01D53A7A0BAD}.Release|x86.ActiveCfg = Release|Any CPU
		{342A8930-F176-48B0-A538-62D0AD2BA526}.CoreDebugDeployment|Any CPU.ActiveCfg = CoreDebugDeployment|Any CPU
		{342A8930-F176-48B0-A538-62D0AD2BA526}.CoreDebugDeployment|Mixed Platforms.ActiveCfg = CoreDebugDeployment|Any CPU
		{342A8930-F176-48B0-A538-62D0AD2BA526}.CoreDebugDeployment|x86.ActiveCfg = CoreDebugDeployment|Any CPU
		{342A8930-F176-48B0-A538-62D0AD2BA526}.CoreReleaseDeployment|Any CPU.ActiveCfg = CoreReleaseDeployment|Any CPU
		{342A8930-F176-48B0-A538-62D0AD2BA526}.CoreReleaseDeployment|Mixed Platforms.ActiveCfg = CoreReleaseDeployment|Any CPU
		{342A8930-F176-48B0-A538-62D0AD2BA526}.CoreReleaseDeployment|Mixed Platforms.Build.0 = CoreReleaseDeployment|Any CPU
		{342A8930-F176-48B0-A538-62D0AD2BA526}.CoreReleaseDeployment|x86.ActiveCfg = CoreReleaseDeployment|Any CPU
		{342A8930-F176-48B0-A538-62D0AD2BA526}.Debug|Any CPU.ActiveCfg = Debug|Any CPU
		{342A8930-F176-48B0-A538-62D0AD2BA526}.Debug|Any CPU.Build.0 = Debug|Any CPU
		{342A8930-F176-48B0-A538-62D0AD2BA526}.Debug|Mixed Platforms.ActiveCfg = Debug|Any CPU
		{342A8930-F176-48B0-A538-62D0AD2BA526}.Debug|Mixed Platforms.Build.0 = Debug|Any CPU
		{342A8930-F176-48B0-A538-62D0AD2BA526}.Debug|x86.ActiveCfg = Debug|Any CPU
		{342A8930-F176-48B0-A538-62D0AD2BA526}.Release|Any CPU.ActiveCfg = Release|Any CPU
		{342A8930-F176-48B0-A538-62D0AD2BA526}.Release|Mixed Platforms.ActiveCfg = Release|Any CPU
		{342A8930-F176-48B0-A538-62D0AD2BA526}.Release|x86.ActiveCfg = Release|Any CPU
		{7B3FAAA6-279B-4FB8-ADA6-7B0665E8F4DF}.CoreDebugDeployment|Any CPU.ActiveCfg = CoreDebugDeployment|Any CPU
		{7B3FAAA6-279B-4FB8-ADA6-7B0665E8F4DF}.CoreDebugDeployment|Mixed Platforms.ActiveCfg = CoreDebugDeployment|Any CPU
		{7B3FAAA6-279B-4FB8-ADA6-7B0665E8F4DF}.CoreDebugDeployment|x86.ActiveCfg = CoreDebugDeployment|Any CPU
		{7B3FAAA6-279B-4FB8-ADA6-7B0665E8F4DF}.CoreReleaseDeployment|Any CPU.ActiveCfg = CoreReleaseDeployment|Any CPU
		{7B3FAAA6-279B-4FB8-ADA6-7B0665E8F4DF}.CoreReleaseDeployment|Mixed Platforms.ActiveCfg = CoreReleaseDeployment|Any CPU
		{7B3FAAA6-279B-4FB8-ADA6-7B0665E8F4DF}.CoreReleaseDeployment|Mixed Platforms.Build.0 = CoreReleaseDeployment|Any CPU
		{7B3FAAA6-279B-4FB8-ADA6-7B0665E8F4DF}.CoreReleaseDeployment|x86.ActiveCfg = CoreReleaseDeployment|Any CPU
		{7B3FAAA6-279B-4FB8-ADA6-7B0665E8F4DF}.Debug|Any CPU.ActiveCfg = Debug|Any CPU
		{7B3FAAA6-279B-4FB8-ADA6-7B0665E8F4DF}.Debug|Any CPU.Build.0 = Debug|Any CPU
		{7B3FAAA6-279B-4FB8-ADA6-7B0665E8F4DF}.Debug|Mixed Platforms.ActiveCfg = Debug|Any CPU
		{7B3FAAA6-279B-4FB8-ADA6-7B0665E8F4DF}.Debug|Mixed Platforms.Build.0 = Debug|Any CPU
		{7B3FAAA6-279B-4FB8-ADA6-7B0665E8F4DF}.Debug|x86.ActiveCfg = Debug|Any CPU
		{7B3FAAA6-279B-4FB8-ADA6-7B0665E8F4DF}.Release|Any CPU.ActiveCfg = Release|Any CPU
		{7B3FAAA6-279B-4FB8-ADA6-7B0665E8F4DF}.Release|Mixed Platforms.ActiveCfg = Release|Any CPU
		{7B3FAAA6-279B-4FB8-ADA6-7B0665E8F4DF}.Release|x86.ActiveCfg = Release|Any CPU
		{18A0A76A-ECEB-4563-AC18-275DF92B82C3}.CoreDebugDeployment|Any CPU.ActiveCfg = CoreDebugDeployment|Any CPU
		{18A0A76A-ECEB-4563-AC18-275DF92B82C3}.CoreDebugDeployment|Mixed Platforms.ActiveCfg = CoreDebugDeployment|Any CPU
		{18A0A76A-ECEB-4563-AC18-275DF92B82C3}.CoreDebugDeployment|x86.ActiveCfg = CoreDebugDeployment|Any CPU
		{18A0A76A-ECEB-4563-AC18-275DF92B82C3}.CoreReleaseDeployment|Any CPU.ActiveCfg = CoreReleaseDeployment|Any CPU
		{18A0A76A-ECEB-4563-AC18-275DF92B82C3}.CoreReleaseDeployment|Mixed Platforms.ActiveCfg = CoreReleaseDeployment|Any CPU
		{18A0A76A-ECEB-4563-AC18-275DF92B82C3}.CoreReleaseDeployment|Mixed Platforms.Build.0 = CoreReleaseDeployment|Any CPU
		{18A0A76A-ECEB-4563-AC18-275DF92B82C3}.CoreReleaseDeployment|x86.ActiveCfg = CoreReleaseDeployment|Any CPU
		{18A0A76A-ECEB-4563-AC18-275DF92B82C3}.Debug|Any CPU.ActiveCfg = Debug|Any CPU
		{18A0A76A-ECEB-4563-AC18-275DF92B82C3}.Debug|Any CPU.Build.0 = Debug|Any CPU
		{18A0A76A-ECEB-4563-AC18-275DF92B82C3}.Debug|Mixed Platforms.ActiveCfg = Debug|Any CPU
		{18A0A76A-ECEB-4563-AC18-275DF92B82C3}.Debug|Mixed Platforms.Build.0 = Debug|Any CPU
		{18A0A76A-ECEB-4563-AC18-275DF92B82C3}.Debug|x86.ActiveCfg = Debug|Any CPU
		{18A0A76A-ECEB-4563-AC18-275DF92B82C3}.Release|Any CPU.ActiveCfg = Release|Any CPU
		{18A0A76A-ECEB-4563-AC18-275DF92B82C3}.Release|Mixed Platforms.ActiveCfg = Release|Any CPU
		{18A0A76A-ECEB-4563-AC18-275DF92B82C3}.Release|x86.ActiveCfg = Release|Any CPU
		{22E69AC0-13E4-4934-BA2E-612093BF7ABC}.CoreDebugDeployment|Any CPU.ActiveCfg = CoreDebugDeployment|Any CPU
		{22E69AC0-13E4-4934-BA2E-612093BF7ABC}.CoreDebugDeployment|Mixed Platforms.ActiveCfg = CoreDebugDeployment|Any CPU
		{22E69AC0-13E4-4934-BA2E-612093BF7ABC}.CoreDebugDeployment|x86.ActiveCfg = CoreDebugDeployment|Any CPU
		{22E69AC0-13E4-4934-BA2E-612093BF7ABC}.CoreReleaseDeployment|Any CPU.ActiveCfg = CoreReleaseDeployment|Any CPU
		{22E69AC0-13E4-4934-BA2E-612093BF7ABC}.CoreReleaseDeployment|Mixed Platforms.ActiveCfg = CoreReleaseDeployment|Any CPU
		{22E69AC0-13E4-4934-BA2E-612093BF7ABC}.CoreReleaseDeployment|Mixed Platforms.Build.0 = CoreReleaseDeployment|Any CPU
		{22E69AC0-13E4-4934-BA2E-612093BF7ABC}.CoreReleaseDeployment|x86.ActiveCfg = CoreReleaseDeployment|Any CPU
		{22E69AC0-13E4-4934-BA2E-612093BF7ABC}.Debug|Any CPU.ActiveCfg = Debug|Any CPU
		{22E69AC0-13E4-4934-BA2E-612093BF7ABC}.Debug|Any CPU.Build.0 = Debug|Any CPU
		{22E69AC0-13E4-4934-BA2E-612093BF7ABC}.Debug|Mixed Platforms.ActiveCfg = Debug|Any CPU
		{22E69AC0-13E4-4934-BA2E-612093BF7ABC}.Debug|Mixed Platforms.Build.0 = Debug|Any CPU
		{22E69AC0-13E4-4934-BA2E-612093BF7ABC}.Debug|x86.ActiveCfg = Debug|Any CPU
		{22E69AC0-13E4-4934-BA2E-612093BF7ABC}.Release|Any CPU.ActiveCfg = Release|Any CPU
		{22E69AC0-13E4-4934-BA2E-612093BF7ABC}.Release|Mixed Platforms.ActiveCfg = Release|Any CPU
		{22E69AC0-13E4-4934-BA2E-612093BF7ABC}.Release|x86.ActiveCfg = Release|Any CPU
	EndGlobalSection
	GlobalSection(SolutionProperties) = preSolution
		HideSolutionNode = FALSE
	EndGlobalSection
	GlobalSection(NestedProjects) = preSolution
		{55498B80-C632-47D7-A7D7-0FD5A8D9CDA1} = {5C4BB49A-A2FC-4C56-8F46-B5A42EAD3A2F}
		{8F1E8058-88B3-4E43-8F50-D376377794BD} = {5C4BB49A-A2FC-4C56-8F46-B5A42EAD3A2F}
		{00DBA3EC-CCBF-49CA-9E9D-159B2CBE1FE8} = {5C4BB49A-A2FC-4C56-8F46-B5A42EAD3A2F}
		{51186FAA-4076-46F7-8E69-D5A34DDBFDC7} = {5C4BB49A-A2FC-4C56-8F46-B5A42EAD3A2F}
		{70B92FC9-CE15-4D92-9F1D-9268DD7C98BC} = {5C4BB49A-A2FC-4C56-8F46-B5A42EAD3A2F}
		{75FA723C-9032-4402-A26B-F58CC23563AE} = {5C4BB49A-A2FC-4C56-8F46-B5A42EAD3A2F}
		{9CD45E52-8EB2-4BD0-A891-B8C63D6ACEA4} = {5C4BB49A-A2FC-4C56-8F46-B5A42EAD3A2F}
		{DA30C90B-6A4A-46D3-8E99-10CEC0CDFE7B} = {5C4BB49A-A2FC-4C56-8F46-B5A42EAD3A2F}
		{CF3E1EBE-37C7-4528-A1F8-C4CD4942110B} = {5C4BB49A-A2FC-4C56-8F46-B5A42EAD3A2F}
		{523EA61D-3223-4444-B747-01D53A7A0BAD} = {5C4BB49A-A2FC-4C56-8F46-B5A42EAD3A2F}
		{342A8930-F176-48B0-A538-62D0AD2BA526} = {5C4BB49A-A2FC-4C56-8F46-B5A42EAD3A2F}
		{7B3FAAA6-279B-4FB8-ADA6-7B0665E8F4DF} = {5C4BB49A-A2FC-4C56-8F46-B5A42EAD3A2F}
		{18A0A76A-ECEB-4563-AC18-275DF92B82C3} = {5C4BB49A-A2FC-4C56-8F46-B5A42EAD3A2F}
		{22E69AC0-13E4-4934-BA2E-612093BF7ABC} = {5C4BB49A-A2FC-4C56-8F46-B5A42EAD3A2F}
	EndGlobalSection
	GlobalSection(ExtensibilityGlobals) = postSolution
		EnterpriseLibraryConfigurationToolBinariesPath = packages\Unity.2.1.505.2\lib\NET35
	EndGlobalSection
EndGlobal
